// !$*UTF8*$!
{
	archiveVersion = 1;
	classes = {
	};
	objectVersion = 46;
	objects = {

/* Begin PBXBuildFile section */
		1403EEE41A6C9F1A00B6DF64 /* FEModifyInfoVC.m in Sources */ = {isa = PBXBuildFile; fileRef = 1403EEE31A6C9F1A00B6DF64 /* FEModifyInfoVC.m */; };
		1403EEE71A6CA36000B6DF64 /* FEOrderInfo.m in Sources */ = {isa = PBXBuildFile; fileRef = 1403EEE61A6CA36000B6DF64 /* FEOrderInfo.m */; };
		1403EEEA1A6CBF6200B6DF64 /* FEGetCurrentCity.m in Sources */ = {isa = PBXBuildFile; fileRef = 1403EEE91A6CBF6200B6DF64 /* FEGetCurrentCity.m */; };
		1418A1971A68046600886FDA /* FESignoutRequest.m in Sources */ = {isa = PBXBuildFile; fileRef = 1418A1961A68046600886FDA /* FESignoutRequest.m */; };
		1418A19A1A6809A100886FDA /* FEMyOrderVC.m in Sources */ = {isa = PBXBuildFile; fileRef = 1418A1991A6809A100886FDA /* FEMyOrderVC.m */; };
		1418A19D1A680A4C00886FDA /* FEOrderRequest.m in Sources */ = {isa = PBXBuildFile; fileRef = 1418A19C1A680A4C00886FDA /* FEOrderRequest.m */; };
		1418A1A01A680B0300886FDA /* FEOrderListResponse.m in Sources */ = {isa = PBXBuildFile; fileRef = 1418A19F1A680B0300886FDA /* FEOrderListResponse.m */; };
		1418A1A31A680B3900886FDA /* FEOrder.m in Sources */ = {isa = PBXBuildFile; fileRef = 1418A1A21A680B3900886FDA /* FEOrder.m */; };
		1418A1A61A68122800886FDA /* FEVerifyCodeRequest.m in Sources */ = {isa = PBXBuildFile; fileRef = 1418A1A51A68122800886FDA /* FEVerifyCodeRequest.m */; };
		1418A1A91A68125400886FDA /* FEVerifyCodeResponse.m in Sources */ = {isa = PBXBuildFile; fileRef = 1418A1A81A68125400886FDA /* FEVerifyCodeResponse.m */; };
		1418A1AC1A6817C200886FDA /* FERegistResquest.m in Sources */ = {isa = PBXBuildFile; fileRef = 1418A1AB1A6817C200886FDA /* FERegistResquest.m */; };
		1418A1AF1A68A2DA00886FDA /* FEOrderCreateRequest.m in Sources */ = {isa = PBXBuildFile; fileRef = 1418A1AE1A68A2DA00886FDA /* FEOrderCreateRequest.m */; };
		1418A1B21A68A2F600886FDA /* FEOrderCreateResponse.m in Sources */ = {isa = PBXBuildFile; fileRef = 1418A1B11A68A2F600886FDA /* FEOrderCreateResponse.m */; };
		1418A1B51A68A32F00886FDA /* FEOrderDetail.m in Sources */ = {isa = PBXBuildFile; fileRef = 1418A1B41A68A32F00886FDA /* FEOrderDetail.m */; };
		1418A1B81A68B7BF00886FDA /* FECustomSegue.m in Sources */ = {isa = PBXBuildFile; fileRef = 1418A1B71A68B7BF00886FDA /* FECustomSegue.m */; };
		1423F5D11A80A35700625A53 /* ErrorCode.plist in Resources */ = {isa = PBXBuildFile; fileRef = 1423F5D01A80A35700625A53 /* ErrorCode.plist */; };
		144350131A663EA2002BB228 /* FETableViewController.m in Sources */ = {isa = PBXBuildFile; fileRef = 144350121A663EA2002BB228 /* FETableViewController.m */; };
		144350161A663EC1002BB228 /* FEViewController.m in Sources */ = {isa = PBXBuildFile; fileRef = 144350151A663EC1002BB228 /* FEViewController.m */; };
		144350191A663FA0002BB228 /* FENavigationController.m in Sources */ = {isa = PBXBuildFile; fileRef = 144350181A663FA0002BB228 /* FENavigationController.m */; };
		1443501C1A66404B002BB228 /* FETableView.m in Sources */ = {isa = PBXBuildFile; fileRef = 1443501B1A66404B002BB228 /* FETableView.m */; };
		1443501F1A664074002BB228 /* FEHomePageVC.m in Sources */ = {isa = PBXBuildFile; fileRef = 1443501E1A664074002BB228 /* FEHomePageVC.m */; };
		144350221A66408A002BB228 /* FEBasketVC.m in Sources */ = {isa = PBXBuildFile; fileRef = 144350211A66408A002BB228 /* FEBasketVC.m */; };
		144350251A6640D3002BB228 /* FEMeShouldSigninVC.m in Sources */ = {isa = PBXBuildFile; fileRef = 144350241A6640D3002BB228 /* FEMeShouldSigninVC.m */; };
		144350281A6640EC002BB228 /* FESettingVC.m in Sources */ = {isa = PBXBuildFile; fileRef = 144350271A6640EC002BB228 /* FESettingVC.m */; };
		1443506A1A6652A6002BB228 /* NSDate+Formatter.m in Sources */ = {isa = PBXBuildFile; fileRef = 144350531A6652A6002BB228 /* NSDate+Formatter.m */; };
		1443506B1A6652A6002BB228 /* NSString+Attribute.m in Sources */ = {isa = PBXBuildFile; fileRef = 144350551A6652A6002BB228 /* NSString+Attribute.m */; };
		1443506C1A6652A6002BB228 /* NSString+DateFromNow.m in Sources */ = {isa = PBXBuildFile; fileRef = 144350571A6652A6002BB228 /* NSString+DateFromNow.m */; };
		1443506D1A6652A6002BB228 /* NSString+MD5.m in Sources */ = {isa = PBXBuildFile; fileRef = 144350591A6652A6002BB228 /* NSString+MD5.m */; };
		1443506E1A6652A6002BB228 /* NSString+Number.m in Sources */ = {isa = PBXBuildFile; fileRef = 1443505B1A6652A6002BB228 /* NSString+Number.m */; };
		1443506F1A6652A6002BB228 /* NSString+UUID.m in Sources */ = {isa = PBXBuildFile; fileRef = 1443505D1A6652A6002BB228 /* NSString+UUID.m */; };
		144350701A6652A6002BB228 /* NSString+Verify.m in Sources */ = {isa = PBXBuildFile; fileRef = 1443505F1A6652A6002BB228 /* NSString+Verify.m */; };
		144350711A6652A6002BB228 /* UIColor+Hex.m in Sources */ = {isa = PBXBuildFile; fileRef = 144350611A6652A6002BB228 /* UIColor+Hex.m */; };
		144350721A6652A6002BB228 /* UIColor+Theme.m in Sources */ = {isa = PBXBuildFile; fileRef = 144350631A6652A6002BB228 /* UIColor+Theme.m */; };
		144350731A6652A6002BB228 /* UIFont+AppFont.m in Sources */ = {isa = PBXBuildFile; fileRef = 144350651A6652A6002BB228 /* UIFont+AppFont.m */; };
		144350741A6652A6002BB228 /* UIImage+LogN.m in Sources */ = {isa = PBXBuildFile; fileRef = 144350671A6652A6002BB228 /* UIImage+LogN.m */; };
		144350751A6652A6002BB228 /* UIImage+Resize.m in Sources */ = {isa = PBXBuildFile; fileRef = 144350691A6652A6002BB228 /* UIImage+Resize.m */; };
		14469E691A65F9DC00515685 /* main.m in Sources */ = {isa = PBXBuildFile; fileRef = 14469E681A65F9DC00515685 /* main.m */; };
		14469E751A65F9DC00515685 /* Main.storyboard in Resources */ = {isa = PBXBuildFile; fileRef = 14469E731A65F9DC00515685 /* Main.storyboard */; };
		14469E771A65F9DC00515685 /* Images.xcassets in Resources */ = {isa = PBXBuildFile; fileRef = 14469E761A65F9DC00515685 /* Images.xcassets */; };
		14469E7A1A65F9DC00515685 /* LaunchScreen.xib in Resources */ = {isa = PBXBuildFile; fileRef = 14469E781A65F9DC00515685 /* LaunchScreen.xib */; };
		14469E961A65FA8500515685 /* AppDelegate.m in Sources */ = {isa = PBXBuildFile; fileRef = 14469E951A65FA8500515685 /* AppDelegate.m */; };
		14469E9A1A65FAA900515685 /* Laundry.xcdatamodeld in Sources */ = {isa = PBXBuildFile; fileRef = 14469E981A65FAA900515685 /* Laundry.xcdatamodeld */; };
		14469EA01A6612BB00515685 /* FECommonTabbarController.m in Sources */ = {isa = PBXBuildFile; fileRef = 14469E9F1A6612BB00515685 /* FECommonTabbarController.m */; };
		144716501A6D56AA003359FC /* FEOrderDetailVC.m in Sources */ = {isa = PBXBuildFile; fileRef = 1447164F1A6D56AA003359FC /* FEOrderDetailVC.m */; };
		144716531A6D5798003359FC /* FEOrderDetailRequest.m in Sources */ = {isa = PBXBuildFile; fileRef = 144716521A6D5798003359FC /* FEOrderDetailRequest.m */; };
		144716561A6D5A4E003359FC /* FEOrderDetailResponse.m in Sources */ = {isa = PBXBuildFile; fileRef = 144716551A6D5A4E003359FC /* FEOrderDetailResponse.m */; };
		144716591A6E1C62003359FC /* FEOrderDeleteRequest.m in Sources */ = {isa = PBXBuildFile; fileRef = 144716581A6E1C62003359FC /* FEOrderDeleteRequest.m */; };
		1447165C1A6E1CFF003359FC /* FEOrderOperationResponse.m in Sources */ = {isa = PBXBuildFile; fileRef = 1447165B1A6E1CFF003359FC /* FEOrderOperationResponse.m */; };
		14950D621A78CD3C001416A7 /* FEResetPasswordRequest.m in Sources */ = {isa = PBXBuildFile; fileRef = 14950D611A78CD3C001416A7 /* FEResetPasswordRequest.m */; };
		14950D661A7917E2001416A7 /* AlipaySDK.bundle in Resources */ = {isa = PBXBuildFile; fileRef = 14950D641A7917E2001416A7 /* AlipaySDK.bundle */; };
		14950D671A7917E2001416A7 /* AlipaySDK.framework in Frameworks */ = {isa = PBXBuildFile; fileRef = 14950D651A7917E2001416A7 /* AlipaySDK.framework */; };
		14950D6A1A79184B001416A7 /* FEAlipay.m in Sources */ = {isa = PBXBuildFile; fileRef = 14950D691A79184B001416A7 /* FEAlipay.m */; };
		14950D6D1A792092001416A7 /* Order.m in Sources */ = {isa = PBXBuildFile; fileRef = 14950D6C1A792092001416A7 /* Order.m */; };
		14950D831A7923F0001416A7 /* base64.m in Sources */ = {isa = PBXBuildFile; fileRef = 14950D731A7923F0001416A7 /* base64.m */; };
		14950D841A7923F0001416A7 /* DataSigner.m in Sources */ = {isa = PBXBuildFile; fileRef = 14950D761A7923F0001416A7 /* DataSigner.m */; };
		14950D851A7923F0001416A7 /* DataVerifier.m in Sources */ = {isa = PBXBuildFile; fileRef = 14950D781A7923F0001416A7 /* DataVerifier.m */; };
		14950D861A7923F0001416A7 /* MD5DataSigner.m in Sources */ = {isa = PBXBuildFile; fileRef = 14950D7A1A7923F0001416A7 /* MD5DataSigner.m */; };
		14950D871A7923F0001416A7 /* NSDataEx.m in Sources */ = {isa = PBXBuildFile; fileRef = 14950D7C1A7923F0001416A7 /* NSDataEx.m */; };
		14950D881A7923F0001416A7 /* openssl_wrapper.m in Sources */ = {isa = PBXBuildFile; fileRef = 14950D7E1A7923F0001416A7 /* openssl_wrapper.m */; };
		14950D891A7923F0001416A7 /* RSADataSigner.m in Sources */ = {isa = PBXBuildFile; fileRef = 14950D801A7923F0001416A7 /* RSADataSigner.m */; };
		14950D8A1A7923F0001416A7 /* RSADataVerifier.m in Sources */ = {isa = PBXBuildFile; fileRef = 14950D821A7923F0001416A7 /* RSADataVerifier.m */; };
		14DD64A91A6BBB040074D9CA /* CustomIOS7AlertView.m in Sources */ = {isa = PBXBuildFile; fileRef = 14DD64A81A6BBB040074D9CA /* CustomIOS7AlertView.m */; };
		14DD64AC1A6BBB3C0074D9CA /* FEInputAlertView.m in Sources */ = {isa = PBXBuildFile; fileRef = 14DD64AB1A6BBB3C0074D9CA /* FEInputAlertView.m */; };
		14F9982F1A7DD4370052D0B3 /* FEOrderInfoItemCell.m in Sources */ = {isa = PBXBuildFile; fileRef = 14F9982E1A7DD4370052D0B3 /* FEOrderInfoItemCell.m */; };
		14F998321A7DDDC30052D0B3 /* FEInfoInputVC.m in Sources */ = {isa = PBXBuildFile; fileRef = 14F998311A7DDDC30052D0B3 /* FEInfoInputVC.m */; };
		14F998351A7E5C2C0052D0B3 /* FECreateOrderResponse.m in Sources */ = {isa = PBXBuildFile; fileRef = 14F998341A7E5C2C0052D0B3 /* FECreateOrderResponse.m */; };
		14F9983B1A7F16800052D0B3 /* GAAlertObj.m in Sources */ = {isa = PBXBuildFile; fileRef = 14F9983A1A7F16800052D0B3 /* GAAlertObj.m */; };
		14F9983E1A7F3FC30052D0B3 /* FEPopPickerView.m in Sources */ = {isa = PBXBuildFile; fileRef = 14F9983D1A7F3FC30052D0B3 /* FEPopPickerView.m */; };
		14F998411A7F5D670052D0B3 /* FEPayOnlineVC.m in Sources */ = {isa = PBXBuildFile; fileRef = 14F998401A7F5D670052D0B3 /* FEPayOnlineVC.m */; };
		14F998441A7F68DC0052D0B3 /* FEMyInfoTableVC.m in Sources */ = {isa = PBXBuildFile; fileRef = 14F998431A7F68DC0052D0B3 /* FEMyInfoTableVC.m */; };
		14F998471A7FA60C0052D0B3 /* FEOrderCancelRequest.m in Sources */ = {isa = PBXBuildFile; fileRef = 14F998461A7FA60C0052D0B3 /* FEOrderCancelRequest.m */; };
		14F9984A1A7FBD3C0052D0B3 /* FEModifyPasswordVC.m in Sources */ = {isa = PBXBuildFile; fileRef = 14F998491A7FBD3C0052D0B3 /* FEModifyPasswordVC.m */; };
		14F9984D1A7FC0470052D0B3 /* FEModifyPswRequest.m in Sources */ = {isa = PBXBuildFile; fileRef = 14F9984C1A7FC0470052D0B3 /* FEModifyPswRequest.m */; };
		14F998501A80573A0052D0B3 /* FEModifyProfileVC.m in Sources */ = {isa = PBXBuildFile; fileRef = 14F9984F1A80573A0052D0B3 /* FEModifyProfileVC.m */; };
		14F998531A8069010052D0B3 /* FEModifyProfileRequest.m in Sources */ = {isa = PBXBuildFile; fileRef = 14F998521A8069010052D0B3 /* FEModifyProfileRequest.m */; };
		14F998561A8069A70052D0B3 /* FECustomer.m in Sources */ = {isa = PBXBuildFile; fileRef = 14F998551A8069A70052D0B3 /* FECustomer.m */; };
		14F998591A806B170052D0B3 /* FEGetCustomerRequest.m in Sources */ = {isa = PBXBuildFile; fileRef = 14F998581A806B170052D0B3 /* FEGetCustomerRequest.m */; };
		14F9985C1A806E9B0052D0B3 /* FEGetCustomerResponse.m in Sources */ = {isa = PBXBuildFile; fileRef = 14F9985B1A806E9B0052D0B3 /* FEGetCustomerResponse.m */; };
		14FF4A1A1A66936000DECA7B /* FESelectCategoryVC.m in Sources */ = {isa = PBXBuildFile; fileRef = 14FF4A191A66936000DECA7B /* FESelectCategoryVC.m */; };
		14FF4A1D1A66950D00DECA7B /* FELaundryWebService.m in Sources */ = {isa = PBXBuildFile; fileRef = 14FF4A1C1A66950D00DECA7B /* FELaundryWebService.m */; };
		14FF4A281A66962400DECA7B /* NSString+Attribute.m in Sources */ = {isa = PBXBuildFile; fileRef = 14FF4A251A66962400DECA7B /* NSString+Attribute.m */; };
		14FF4A291A66962400DECA7B /* SSObject.m in Sources */ = {isa = PBXBuildFile; fileRef = 14FF4A271A66962400DECA7B /* SSObject.m */; };
		14FF4A2D1A6696A200DECA7B /* FEBaseRequest.m in Sources */ = {isa = PBXBuildFile; fileRef = 14FF4A2C1A6696A200DECA7B /* FEBaseRequest.m */; };
		14FF4A301A6696B300DECA7B /* FEBaseResponse.m in Sources */ = {isa = PBXBuildFile; fileRef = 14FF4A2F1A6696B300DECA7B /* FEBaseResponse.m */; };
		14FF4A351A66A02D00DECA7B /* FEGetCompanyRequest.m in Sources */ = {isa = PBXBuildFile; fileRef = 14FF4A341A66A02D00DECA7B /* FEGetCompanyRequest.m */; };
		14FF4A381A66A45800DECA7B /* FEGetCompanyResponse.m in Sources */ = {isa = PBXBuildFile; fileRef = 14FF4A371A66A45800DECA7B /* FEGetCompanyResponse.m */; };
		14FF4A3B1A66A48C00DECA7B /* FECompany.m in Sources */ = {isa = PBXBuildFile; fileRef = 14FF4A3A1A66A48C00DECA7B /* FECompany.m */; };
		14FF4A411A66A6D500DECA7B /* FEGetADRequest.m in Sources */ = {isa = PBXBuildFile; fileRef = 14FF4A401A66A6D500DECA7B /* FEGetADRequest.m */; };
		14FF4A441A66A72200DECA7B /* FEGetADResponse.m in Sources */ = {isa = PBXBuildFile; fileRef = 14FF4A431A66A72200DECA7B /* FEGetADResponse.m */; };
		14FF4A471A66A79300DECA7B /* FEAD.m in Sources */ = {isa = PBXBuildFile; fileRef = 14FF4A461A66A79300DECA7B /* FEAD.m */; };
		14FF4A591A67527000DECA7B /* FECategory.m in Sources */ = {isa = PBXBuildFile; fileRef = 14FF4A581A67527000DECA7B /* FECategory.m */; };
		14FF4A5C1A675B2200DECA7B /* FEGetProductTypeReques.m in Sources */ = {isa = PBXBuildFile; fileRef = 14FF4A5B1A675B2200DECA7B /* FEGetProductTypeReques.m */; };
		14FF4A5F1A675C4300DECA7B /* FEGetProductTypeResponse.m in Sources */ = {isa = PBXBuildFile; fileRef = 14FF4A5E1A675C4300DECA7B /* FEGetProductTypeResponse.m */; };
		14FF4A651A67646D00DECA7B /* FEProduct.m in Sources */ = {isa = PBXBuildFile; fileRef = 14FF4A641A67646D00DECA7B /* FEProduct.m */; };
		14FF4A681A6765EE00DECA7B /* FEGetProductRequest.m in Sources */ = {isa = PBXBuildFile; fileRef = 14FF4A671A6765EE00DECA7B /* FEGetProductRequest.m */; };
		14FF4A6C1A67671400DECA7B /* FEDataCache.m in Sources */ = {isa = PBXBuildFile; fileRef = 14FF4A6B1A67671400DECA7B /* FEDataCache.m */; };
		14FF4A6F1A67738000DECA7B /* FEGetProductResponse.m in Sources */ = {isa = PBXBuildFile; fileRef = 14FF4A6E1A67738000DECA7B /* FEGetProductResponse.m */; };
		14FF4A721A67899200DECA7B /* FEButton.m in Sources */ = {isa = PBXBuildFile; fileRef = 14FF4A711A67899200DECA7B /* FEButton.m */; };
		14FF4A751A67928800DECA7B /* FEBasketItemCell.m in Sources */ = {isa = PBXBuildFile; fileRef = 14FF4A741A67928800DECA7B /* FEBasketItemCell.m */; };
		14FF4A781A67AC2100DECA7B /* FEPickerView.m in Sources */ = {isa = PBXBuildFile; fileRef = 14FF4A771A67AC2100DECA7B /* FEPickerView.m */; };
		14FF4A7B1A67BE6C00DECA7B /* FEOrderSubmitVC.m in Sources */ = {isa = PBXBuildFile; fileRef = 14FF4A7A1A67BE6C00DECA7B /* FEOrderSubmitVC.m */; };
		14FF4A7E1A67E5F100DECA7B /* FESigninVC.m in Sources */ = {isa = PBXBuildFile; fileRef = 14FF4A7D1A67E5F100DECA7B /* FESigninVC.m */; };
		14FF4A811A67E69100DECA7B /* FERegistVC.m in Sources */ = {isa = PBXBuildFile; fileRef = 14FF4A801A67E69100DECA7B /* FERegistVC.m */; };
		14FF4A841A67EC7F00DECA7B /* FEForgotPasswordVC.m in Sources */ = {isa = PBXBuildFile; fileRef = 14FF4A831A67EC7F00DECA7B /* FEForgotPasswordVC.m */; };
		14FF4A871A67ECE900DECA7B /* FESigninRequest.m in Sources */ = {isa = PBXBuildFile; fileRef = 14FF4A861A67ECE900DECA7B /* FESigninRequest.m */; };
		14FF4A8A1A67ED4300DECA7B /* FEUser.m in Sources */ = {isa = PBXBuildFile; fileRef = 14FF4A891A67ED4300DECA7B /* FEUser.m */; };
		14FF4A8D1A67F00700DECA7B /* FESigninResponse.m in Sources */ = {isa = PBXBuildFile; fileRef = 14FF4A8C1A67F00700DECA7B /* FESigninResponse.m */; };
		14FF4A901A67F79500DECA7B /* FEProfileVC.m in Sources */ = {isa = PBXBuildFile; fileRef = 14FF4A8F1A67F79500DECA7B /* FEProfileVC.m */; };
		E569705F7F110B016F064A8F /* libPods.a in Frameworks */ = {isa = PBXBuildFile; fileRef = 027B1062FF46A8B12B174FC1 /* libPods.a */; };
/* End PBXBuildFile section */

/* Begin PBXFileReference section */
		027B1062FF46A8B12B174FC1 /* libPods.a */ = {isa = PBXFileReference; explicitFileType = archive.ar; includeInIndex = 0; path = libPods.a; sourceTree = BUILT_PRODUCTS_DIR; };
		1403EEE21A6C9F1A00B6DF64 /* FEModifyInfoVC.h */ = {isa = PBXFileReference; fileEncoding = 4; lastKnownFileType = sourcecode.c.h; path = FEModifyInfoVC.h; sourceTree = "<group>"; };
		1403EEE31A6C9F1A00B6DF64 /* FEModifyInfoVC.m */ = {isa = PBXFileReference; fileEncoding = 4; lastKnownFileType = sourcecode.c.objc; path = FEModifyInfoVC.m; sourceTree = "<group>"; };
		1403EEE51A6CA36000B6DF64 /* FEOrderInfo.h */ = {isa = PBXFileReference; fileEncoding = 4; lastKnownFileType = sourcecode.c.h; path = FEOrderInfo.h; sourceTree = "<group>"; };
		1403EEE61A6CA36000B6DF64 /* FEOrderInfo.m */ = {isa = PBXFileReference; fileEncoding = 4; lastKnownFileType = sourcecode.c.objc; path = FEOrderInfo.m; sourceTree = "<group>"; };
		1403EEE81A6CBF6200B6DF64 /* FEGetCurrentCity.h */ = {isa = PBXFileReference; fileEncoding = 4; lastKnownFileType = sourcecode.c.h; path = FEGetCurrentCity.h; sourceTree = "<group>"; };
		1403EEE91A6CBF6200B6DF64 /* FEGetCurrentCity.m */ = {isa = PBXFileReference; fileEncoding = 4; lastKnownFileType = sourcecode.c.objc; path = FEGetCurrentCity.m; sourceTree = "<group>"; };
		1418A1951A68046600886FDA /* FESignoutRequest.h */ = {isa = PBXFileReference; fileEncoding = 4; lastKnownFileType = sourcecode.c.h; path = FESignoutRequest.h; sourceTree = "<group>"; };
		1418A1961A68046600886FDA /* FESignoutRequest.m */ = {isa = PBXFileReference; fileEncoding = 4; lastKnownFileType = sourcecode.c.objc; path = FESignoutRequest.m; sourceTree = "<group>"; };
		1418A1981A6809A100886FDA /* FEMyOrderVC.h */ = {isa = PBXFileReference; fileEncoding = 4; lastKnownFileType = sourcecode.c.h; path = FEMyOrderVC.h; sourceTree = "<group>"; };
		1418A1991A6809A100886FDA /* FEMyOrderVC.m */ = {isa = PBXFileReference; fileEncoding = 4; lastKnownFileType = sourcecode.c.objc; path = FEMyOrderVC.m; sourceTree = "<group>"; };
		1418A19B1A680A4C00886FDA /* FEOrderRequest.h */ = {isa = PBXFileReference; fileEncoding = 4; lastKnownFileType = sourcecode.c.h; path = FEOrderRequest.h; sourceTree = "<group>"; };
		1418A19C1A680A4C00886FDA /* FEOrderRequest.m */ = {isa = PBXFileReference; fileEncoding = 4; lastKnownFileType = sourcecode.c.objc; path = FEOrderRequest.m; sourceTree = "<group>"; };
		1418A19E1A680B0300886FDA /* FEOrderListResponse.h */ = {isa = PBXFileReference; fileEncoding = 4; lastKnownFileType = sourcecode.c.h; path = FEOrderListResponse.h; sourceTree = "<group>"; };
		1418A19F1A680B0300886FDA /* FEOrderListResponse.m */ = {isa = PBXFileReference; fileEncoding = 4; lastKnownFileType = sourcecode.c.objc; path = FEOrderListResponse.m; sourceTree = "<group>"; };
		1418A1A11A680B3900886FDA /* FEOrder.h */ = {isa = PBXFileReference; fileEncoding = 4; lastKnownFileType = sourcecode.c.h; path = FEOrder.h; sourceTree = "<group>"; };
		1418A1A21A680B3900886FDA /* FEOrder.m */ = {isa = PBXFileReference; fileEncoding = 4; lastKnownFileType = sourcecode.c.objc; path = FEOrder.m; sourceTree = "<group>"; };
		1418A1A41A68122800886FDA /* FEVerifyCodeRequest.h */ = {isa = PBXFileReference; fileEncoding = 4; lastKnownFileType = sourcecode.c.h; path = FEVerifyCodeRequest.h; sourceTree = "<group>"; };
		1418A1A51A68122800886FDA /* FEVerifyCodeRequest.m */ = {isa = PBXFileReference; fileEncoding = 4; lastKnownFileType = sourcecode.c.objc; path = FEVerifyCodeRequest.m; sourceTree = "<group>"; };
		1418A1A71A68125400886FDA /* FEVerifyCodeResponse.h */ = {isa = PBXFileReference; fileEncoding = 4; lastKnownFileType = sourcecode.c.h; path = FEVerifyCodeResponse.h; sourceTree = "<group>"; };
		1418A1A81A68125400886FDA /* FEVerifyCodeResponse.m */ = {isa = PBXFileReference; fileEncoding = 4; lastKnownFileType = sourcecode.c.objc; path = FEVerifyCodeResponse.m; sourceTree = "<group>"; };
		1418A1AA1A6817C200886FDA /* FERegistResquest.h */ = {isa = PBXFileReference; fileEncoding = 4; lastKnownFileType = sourcecode.c.h; path = FERegistResquest.h; sourceTree = "<group>"; };
		1418A1AB1A6817C200886FDA /* FERegistResquest.m */ = {isa = PBXFileReference; fileEncoding = 4; lastKnownFileType = sourcecode.c.objc; path = FERegistResquest.m; sourceTree = "<group>"; };
		1418A1AD1A68A2DA00886FDA /* FEOrderCreateRequest.h */ = {isa = PBXFileReference; fileEncoding = 4; lastKnownFileType = sourcecode.c.h; path = FEOrderCreateRequest.h; sourceTree = "<group>"; };
		1418A1AE1A68A2DA00886FDA /* FEOrderCreateRequest.m */ = {isa = PBXFileReference; fileEncoding = 4; lastKnownFileType = sourcecode.c.objc; path = FEOrderCreateRequest.m; sourceTree = "<group>"; };
		1418A1B01A68A2F600886FDA /* FEOrderCreateResponse.h */ = {isa = PBXFileReference; fileEncoding = 4; lastKnownFileType = sourcecode.c.h; path = FEOrderCreateResponse.h; sourceTree = "<group>"; };
		1418A1B11A68A2F600886FDA /* FEOrderCreateResponse.m */ = {isa = PBXFileReference; fileEncoding = 4; lastKnownFileType = sourcecode.c.objc; path = FEOrderCreateResponse.m; sourceTree = "<group>"; };
		1418A1B31A68A32F00886FDA /* FEOrderDetail.h */ = {isa = PBXFileReference; fileEncoding = 4; lastKnownFileType = sourcecode.c.h; path = FEOrderDetail.h; sourceTree = "<group>"; };
		1418A1B41A68A32F00886FDA /* FEOrderDetail.m */ = {isa = PBXFileReference; fileEncoding = 4; lastKnownFileType = sourcecode.c.objc; path = FEOrderDetail.m; sourceTree = "<group>"; };
		1418A1B61A68B7BF00886FDA /* FECustomSegue.h */ = {isa = PBXFileReference; fileEncoding = 4; lastKnownFileType = sourcecode.c.h; path = FECustomSegue.h; sourceTree = "<group>"; };
		1418A1B71A68B7BF00886FDA /* FECustomSegue.m */ = {isa = PBXFileReference; fileEncoding = 4; lastKnownFileType = sourcecode.c.objc; path = FECustomSegue.m; sourceTree = "<group>"; };
		1423F5D01A80A35700625A53 /* ErrorCode.plist */ = {isa = PBXFileReference; fileEncoding = 4; lastKnownFileType = text.plist.xml; path = ErrorCode.plist; sourceTree = "<group>"; };
		144350111A663EA2002BB228 /* FETableViewController.h */ = {isa = PBXFileReference; fileEncoding = 4; lastKnownFileType = sourcecode.c.h; path = FETableViewController.h; sourceTree = "<group>"; };
		144350121A663EA2002BB228 /* FETableViewController.m */ = {isa = PBXFileReference; fileEncoding = 4; lastKnownFileType = sourcecode.c.objc; path = FETableViewController.m; sourceTree = "<group>"; };
		144350141A663EC1002BB228 /* FEViewController.h */ = {isa = PBXFileReference; fileEncoding = 4; lastKnownFileType = sourcecode.c.h; path = FEViewController.h; sourceTree = "<group>"; };
		144350151A663EC1002BB228 /* FEViewController.m */ = {isa = PBXFileReference; fileEncoding = 4; lastKnownFileType = sourcecode.c.objc; path = FEViewController.m; sourceTree = "<group>"; };
		144350171A663FA0002BB228 /* FENavigationController.h */ = {isa = PBXFileReference; fileEncoding = 4; lastKnownFileType = sourcecode.c.h; path = FENavigationController.h; sourceTree = "<group>"; };
		144350181A663FA0002BB228 /* FENavigationController.m */ = {isa = PBXFileReference; fileEncoding = 4; lastKnownFileType = sourcecode.c.objc; path = FENavigationController.m; sourceTree = "<group>"; };
		1443501A1A66404B002BB228 /* FETableView.h */ = {isa = PBXFileReference; fileEncoding = 4; lastKnownFileType = sourcecode.c.h; path = FETableView.h; sourceTree = "<group>"; };
		1443501B1A66404B002BB228 /* FETableView.m */ = {isa = PBXFileReference; fileEncoding = 4; lastKnownFileType = sourcecode.c.objc; path = FETableView.m; sourceTree = "<group>"; };
		1443501D1A664074002BB228 /* FEHomePageVC.h */ = {isa = PBXFileReference; fileEncoding = 4; lastKnownFileType = sourcecode.c.h; path = FEHomePageVC.h; sourceTree = "<group>"; };
		1443501E1A664074002BB228 /* FEHomePageVC.m */ = {isa = PBXFileReference; fileEncoding = 4; lastKnownFileType = sourcecode.c.objc; path = FEHomePageVC.m; sourceTree = "<group>"; };
		144350201A66408A002BB228 /* FEBasketVC.h */ = {isa = PBXFileReference; fileEncoding = 4; lastKnownFileType = sourcecode.c.h; path = FEBasketVC.h; sourceTree = "<group>"; };
		144350211A66408A002BB228 /* FEBasketVC.m */ = {isa = PBXFileReference; fileEncoding = 4; lastKnownFileType = sourcecode.c.objc; path = FEBasketVC.m; sourceTree = "<group>"; };
		144350231A6640D3002BB228 /* FEMeShouldSigninVC.h */ = {isa = PBXFileReference; fileEncoding = 4; lastKnownFileType = sourcecode.c.h; path = FEMeShouldSigninVC.h; sourceTree = "<group>"; };
		144350241A6640D3002BB228 /* FEMeShouldSigninVC.m */ = {isa = PBXFileReference; fileEncoding = 4; lastKnownFileType = sourcecode.c.objc; path = FEMeShouldSigninVC.m; sourceTree = "<group>"; };
		144350261A6640EC002BB228 /* FESettingVC.h */ = {isa = PBXFileReference; fileEncoding = 4; lastKnownFileType = sourcecode.c.h; path = FESettingVC.h; sourceTree = "<group>"; };
		144350271A6640EC002BB228 /* FESettingVC.m */ = {isa = PBXFileReference; fileEncoding = 4; lastKnownFileType = sourcecode.c.objc; path = FESettingVC.m; sourceTree = "<group>"; };
		144350291A6642E3002BB228 /* FELaundryConfig.h */ = {isa = PBXFileReference; fileEncoding = 4; lastKnownFileType = sourcecode.c.h; path = FELaundryConfig.h; sourceTree = "<group>"; };
		1443502A1A664301002BB228 /* FELaundryDefine.h */ = {isa = PBXFileReference; fileEncoding = 4; lastKnownFileType = sourcecode.c.h; path = FELaundryDefine.h; sourceTree = "<group>"; };
		1443502B1A66433F002BB228 /* Laundry-Prefix.pch */ = {isa = PBXFileReference; fileEncoding = 4; lastKnownFileType = sourcecode.c.h; path = "Laundry-Prefix.pch"; sourceTree = "<group>"; };
		144350521A6652A6002BB228 /* NSDate+Formatter.h */ = {isa = PBXFileReference; fileEncoding = 4; lastKnownFileType = sourcecode.c.h; path = "NSDate+Formatter.h"; sourceTree = "<group>"; };
		144350531A6652A6002BB228 /* NSDate+Formatter.m */ = {isa = PBXFileReference; fileEncoding = 4; lastKnownFileType = sourcecode.c.objc; path = "NSDate+Formatter.m"; sourceTree = "<group>"; };
		144350541A6652A6002BB228 /* NSString+Attribute.h */ = {isa = PBXFileReference; fileEncoding = 4; lastKnownFileType = sourcecode.c.h; path = "NSString+Attribute.h"; sourceTree = "<group>"; };
		144350551A6652A6002BB228 /* NSString+Attribute.m */ = {isa = PBXFileReference; fileEncoding = 4; lastKnownFileType = sourcecode.c.objc; path = "NSString+Attribute.m"; sourceTree = "<group>"; };
		144350561A6652A6002BB228 /* NSString+DateFromNow.h */ = {isa = PBXFileReference; fileEncoding = 4; lastKnownFileType = sourcecode.c.h; path = "NSString+DateFromNow.h"; sourceTree = "<group>"; };
		144350571A6652A6002BB228 /* NSString+DateFromNow.m */ = {isa = PBXFileReference; fileEncoding = 4; lastKnownFileType = sourcecode.c.objc; path = "NSString+DateFromNow.m"; sourceTree = "<group>"; };
		144350581A6652A6002BB228 /* NSString+MD5.h */ = {isa = PBXFileReference; fileEncoding = 4; lastKnownFileType = sourcecode.c.h; path = "NSString+MD5.h"; sourceTree = "<group>"; };
		144350591A6652A6002BB228 /* NSString+MD5.m */ = {isa = PBXFileReference; fileEncoding = 4; lastKnownFileType = sourcecode.c.objc; path = "NSString+MD5.m"; sourceTree = "<group>"; };
		1443505A1A6652A6002BB228 /* NSString+Number.h */ = {isa = PBXFileReference; fileEncoding = 4; lastKnownFileType = sourcecode.c.h; path = "NSString+Number.h"; sourceTree = "<group>"; };
		1443505B1A6652A6002BB228 /* NSString+Number.m */ = {isa = PBXFileReference; fileEncoding = 4; lastKnownFileType = sourcecode.c.objc; path = "NSString+Number.m"; sourceTree = "<group>"; };
		1443505C1A6652A6002BB228 /* NSString+UUID.h */ = {isa = PBXFileReference; fileEncoding = 4; lastKnownFileType = sourcecode.c.h; path = "NSString+UUID.h"; sourceTree = "<group>"; };
		1443505D1A6652A6002BB228 /* NSString+UUID.m */ = {isa = PBXFileReference; fileEncoding = 4; lastKnownFileType = sourcecode.c.objc; path = "NSString+UUID.m"; sourceTree = "<group>"; };
		1443505E1A6652A6002BB228 /* NSString+Verify.h */ = {isa = PBXFileReference; fileEncoding = 4; lastKnownFileType = sourcecode.c.h; path = "NSString+Verify.h"; sourceTree = "<group>"; };
		1443505F1A6652A6002BB228 /* NSString+Verify.m */ = {isa = PBXFileReference; fileEncoding = 4; lastKnownFileType = sourcecode.c.objc; path = "NSString+Verify.m"; sourceTree = "<group>"; };
		144350601A6652A6002BB228 /* UIColor+Hex.h */ = {isa = PBXFileReference; fileEncoding = 4; lastKnownFileType = sourcecode.c.h; path = "UIColor+Hex.h"; sourceTree = "<group>"; };
		144350611A6652A6002BB228 /* UIColor+Hex.m */ = {isa = PBXFileReference; fileEncoding = 4; lastKnownFileType = sourcecode.c.objc; path = "UIColor+Hex.m"; sourceTree = "<group>"; };
		144350621A6652A6002BB228 /* UIColor+Theme.h */ = {isa = PBXFileReference; fileEncoding = 4; lastKnownFileType = sourcecode.c.h; path = "UIColor+Theme.h"; sourceTree = "<group>"; };
		144350631A6652A6002BB228 /* UIColor+Theme.m */ = {isa = PBXFileReference; fileEncoding = 4; lastKnownFileType = sourcecode.c.objc; path = "UIColor+Theme.m"; sourceTree = "<group>"; };
		144350641A6652A6002BB228 /* UIFont+AppFont.h */ = {isa = PBXFileReference; fileEncoding = 4; lastKnownFileType = sourcecode.c.h; path = "UIFont+AppFont.h"; sourceTree = "<group>"; };
		144350651A6652A6002BB228 /* UIFont+AppFont.m */ = {isa = PBXFileReference; fileEncoding = 4; lastKnownFileType = sourcecode.c.objc; path = "UIFont+AppFont.m"; sourceTree = "<group>"; };
		144350661A6652A6002BB228 /* UIImage+LogN.h */ = {isa = PBXFileReference; fileEncoding = 4; lastKnownFileType = sourcecode.c.h; path = "UIImage+LogN.h"; sourceTree = "<group>"; };
		144350671A6652A6002BB228 /* UIImage+LogN.m */ = {isa = PBXFileReference; fileEncoding = 4; lastKnownFileType = sourcecode.c.objc; path = "UIImage+LogN.m"; sourceTree = "<group>"; };
		144350681A6652A6002BB228 /* UIImage+Resize.h */ = {isa = PBXFileReference; fileEncoding = 4; lastKnownFileType = sourcecode.c.h; path = "UIImage+Resize.h"; sourceTree = "<group>"; };
		144350691A6652A6002BB228 /* UIImage+Resize.m */ = {isa = PBXFileReference; fileEncoding = 4; lastKnownFileType = sourcecode.c.objc; path = "UIImage+Resize.m"; sourceTree = "<group>"; };
		14469E631A65F9DC00515685 /* Laundry.app */ = {isa = PBXFileReference; explicitFileType = wrapper.application; includeInIndex = 0; path = Laundry.app; sourceTree = BUILT_PRODUCTS_DIR; };
		14469E671A65F9DC00515685 /* Info.plist */ = {isa = PBXFileReference; lastKnownFileType = text.plist.xml; path = Info.plist; sourceTree = "<group>"; };
		14469E681A65F9DC00515685 /* main.m */ = {isa = PBXFileReference; lastKnownFileType = sourcecode.c.objc; path = main.m; sourceTree = "<group>"; };
		14469E741A65F9DC00515685 /* Base */ = {isa = PBXFileReference; lastKnownFileType = file.storyboard; name = Base; path = Base.lproj/Main.storyboard; sourceTree = "<group>"; };
		14469E761A65F9DC00515685 /* Images.xcassets */ = {isa = PBXFileReference; lastKnownFileType = folder.assetcatalog; path = Images.xcassets; sourceTree = "<group>"; };
		14469E791A65F9DC00515685 /* Base */ = {isa = PBXFileReference; lastKnownFileType = file.xib; name = Base; path = Base.lproj/LaunchScreen.xib; sourceTree = "<group>"; };
		14469E941A65FA8500515685 /* AppDelegate.h */ = {isa = PBXFileReference; fileEncoding = 4; lastKnownFileType = sourcecode.c.h; path = AppDelegate.h; sourceTree = "<group>"; };
		14469E951A65FA8500515685 /* AppDelegate.m */ = {isa = PBXFileReference; fileEncoding = 4; lastKnownFileType = sourcecode.c.objc; path = AppDelegate.m; sourceTree = "<group>"; };
		14469E991A65FAA900515685 /* Laundry.xcdatamodel */ = {isa = PBXFileReference; lastKnownFileType = wrapper.xcdatamodel; path = Laundry.xcdatamodel; sourceTree = "<group>"; };
		14469E9E1A6612BB00515685 /* FECommonTabbarController.h */ = {isa = PBXFileReference; fileEncoding = 4; lastKnownFileType = sourcecode.c.h; path = FECommonTabbarController.h; sourceTree = "<group>"; };
		14469E9F1A6612BB00515685 /* FECommonTabbarController.m */ = {isa = PBXFileReference; fileEncoding = 4; lastKnownFileType = sourcecode.c.objc; path = FECommonTabbarController.m; sourceTree = "<group>"; };
		1447164E1A6D56AA003359FC /* FEOrderDetailVC.h */ = {isa = PBXFileReference; fileEncoding = 4; lastKnownFileType = sourcecode.c.h; path = FEOrderDetailVC.h; sourceTree = "<group>"; };
		1447164F1A6D56AA003359FC /* FEOrderDetailVC.m */ = {isa = PBXFileReference; fileEncoding = 4; lastKnownFileType = sourcecode.c.objc; path = FEOrderDetailVC.m; sourceTree = "<group>"; };
		144716511A6D5798003359FC /* FEOrderDetailRequest.h */ = {isa = PBXFileReference; fileEncoding = 4; lastKnownFileType = sourcecode.c.h; path = FEOrderDetailRequest.h; sourceTree = "<group>"; };
		144716521A6D5798003359FC /* FEOrderDetailRequest.m */ = {isa = PBXFileReference; fileEncoding = 4; lastKnownFileType = sourcecode.c.objc; path = FEOrderDetailRequest.m; sourceTree = "<group>"; };
		144716541A6D5A4E003359FC /* FEOrderDetailResponse.h */ = {isa = PBXFileReference; fileEncoding = 4; lastKnownFileType = sourcecode.c.h; path = FEOrderDetailResponse.h; sourceTree = "<group>"; };
		144716551A6D5A4E003359FC /* FEOrderDetailResponse.m */ = {isa = PBXFileReference; fileEncoding = 4; lastKnownFileType = sourcecode.c.objc; path = FEOrderDetailResponse.m; sourceTree = "<group>"; };
		144716571A6E1C62003359FC /* FEOrderDeleteRequest.h */ = {isa = PBXFileReference; fileEncoding = 4; lastKnownFileType = sourcecode.c.h; path = FEOrderDeleteRequest.h; sourceTree = "<group>"; };
		144716581A6E1C62003359FC /* FEOrderDeleteRequest.m */ = {isa = PBXFileReference; fileEncoding = 4; lastKnownFileType = sourcecode.c.objc; path = FEOrderDeleteRequest.m; sourceTree = "<group>"; };
		1447165A1A6E1CFF003359FC /* FEOrderOperationResponse.h */ = {isa = PBXFileReference; fileEncoding = 4; lastKnownFileType = sourcecode.c.h; path = FEOrderOperationResponse.h; sourceTree = "<group>"; };
		1447165B1A6E1CFF003359FC /* FEOrderOperationResponse.m */ = {isa = PBXFileReference; fileEncoding = 4; lastKnownFileType = sourcecode.c.objc; path = FEOrderOperationResponse.m; sourceTree = "<group>"; };
		14950D601A78CD3C001416A7 /* FEResetPasswordRequest.h */ = {isa = PBXFileReference; fileEncoding = 4; lastKnownFileType = sourcecode.c.h; path = FEResetPasswordRequest.h; sourceTree = "<group>"; };
		14950D611A78CD3C001416A7 /* FEResetPasswordRequest.m */ = {isa = PBXFileReference; fileEncoding = 4; lastKnownFileType = sourcecode.c.objc; path = FEResetPasswordRequest.m; sourceTree = "<group>"; };
		14950D641A7917E2001416A7 /* AlipaySDK.bundle */ = {isa = PBXFileReference; lastKnownFileType = "wrapper.plug-in"; path = AlipaySDK.bundle; sourceTree = "<group>"; };
		14950D651A7917E2001416A7 /* AlipaySDK.framework */ = {isa = PBXFileReference; lastKnownFileType = wrapper.framework; name = AlipaySDK.framework; path = Laundry/Alipay/AlipaySDK.framework; sourceTree = "<group>"; };
		14950D681A79184B001416A7 /* FEAlipay.h */ = {isa = PBXFileReference; fileEncoding = 4; lastKnownFileType = sourcecode.c.h; path = FEAlipay.h; sourceTree = "<group>"; };
		14950D691A79184B001416A7 /* FEAlipay.m */ = {isa = PBXFileReference; fileEncoding = 4; lastKnownFileType = sourcecode.c.objc; path = FEAlipay.m; sourceTree = "<group>"; };
		14950D6B1A792092001416A7 /* Order.h */ = {isa = PBXFileReference; fileEncoding = 4; lastKnownFileType = sourcecode.c.h; path = Order.h; sourceTree = "<group>"; };
		14950D6C1A792092001416A7 /* Order.m */ = {isa = PBXFileReference; fileEncoding = 4; lastKnownFileType = sourcecode.c.objc; path = Order.m; sourceTree = "<group>"; };
		14950D721A7923F0001416A7 /* base64.h */ = {isa = PBXFileReference; fileEncoding = 4; lastKnownFileType = sourcecode.c.h; path = base64.h; sourceTree = "<group>"; };
		14950D731A7923F0001416A7 /* base64.m */ = {isa = PBXFileReference; fileEncoding = 4; lastKnownFileType = sourcecode.c.objc; path = base64.m; sourceTree = "<group>"; };
		14950D741A7923F0001416A7 /* config.h */ = {isa = PBXFileReference; fileEncoding = 4; lastKnownFileType = sourcecode.c.h; path = config.h; sourceTree = "<group>"; };
		14950D751A7923F0001416A7 /* DataSigner.h */ = {isa = PBXFileReference; fileEncoding = 4; lastKnownFileType = sourcecode.c.h; path = DataSigner.h; sourceTree = "<group>"; };
		14950D761A7923F0001416A7 /* DataSigner.m */ = {isa = PBXFileReference; fileEncoding = 4; lastKnownFileType = sourcecode.c.objc; path = DataSigner.m; sourceTree = "<group>"; };
		14950D771A7923F0001416A7 /* DataVerifier.h */ = {isa = PBXFileReference; fileEncoding = 4; lastKnownFileType = sourcecode.c.h; path = DataVerifier.h; sourceTree = "<group>"; };
		14950D781A7923F0001416A7 /* DataVerifier.m */ = {isa = PBXFileReference; fileEncoding = 4; lastKnownFileType = sourcecode.c.objc; path = DataVerifier.m; sourceTree = "<group>"; };
		14950D791A7923F0001416A7 /* MD5DataSigner.h */ = {isa = PBXFileReference; fileEncoding = 4; lastKnownFileType = sourcecode.c.h; path = MD5DataSigner.h; sourceTree = "<group>"; };
		14950D7A1A7923F0001416A7 /* MD5DataSigner.m */ = {isa = PBXFileReference; fileEncoding = 4; lastKnownFileType = sourcecode.c.objc; path = MD5DataSigner.m; sourceTree = "<group>"; };
		14950D7B1A7923F0001416A7 /* NSDataEx.h */ = {isa = PBXFileReference; fileEncoding = 4; lastKnownFileType = sourcecode.c.h; path = NSDataEx.h; sourceTree = "<group>"; };
		14950D7C1A7923F0001416A7 /* NSDataEx.m */ = {isa = PBXFileReference; fileEncoding = 4; lastKnownFileType = sourcecode.c.objc; path = NSDataEx.m; sourceTree = "<group>"; };
		14950D7D1A7923F0001416A7 /* openssl_wrapper.h */ = {isa = PBXFileReference; fileEncoding = 4; lastKnownFileType = sourcecode.c.h; path = openssl_wrapper.h; sourceTree = "<group>"; };
		14950D7E1A7923F0001416A7 /* openssl_wrapper.m */ = {isa = PBXFileReference; fileEncoding = 4; lastKnownFileType = sourcecode.c.objc; path = openssl_wrapper.m; sourceTree = "<group>"; };
		14950D7F1A7923F0001416A7 /* RSADataSigner.h */ = {isa = PBXFileReference; fileEncoding = 4; lastKnownFileType = sourcecode.c.h; path = RSADataSigner.h; sourceTree = "<group>"; };
		14950D801A7923F0001416A7 /* RSADataSigner.m */ = {isa = PBXFileReference; fileEncoding = 4; lastKnownFileType = sourcecode.c.objc; path = RSADataSigner.m; sourceTree = "<group>"; };
		14950D811A7923F0001416A7 /* RSADataVerifier.h */ = {isa = PBXFileReference; fileEncoding = 4; lastKnownFileType = sourcecode.c.h; path = RSADataVerifier.h; sourceTree = "<group>"; };
		14950D821A7923F0001416A7 /* RSADataVerifier.m */ = {isa = PBXFileReference; fileEncoding = 4; lastKnownFileType = sourcecode.c.objc; path = RSADataVerifier.m; sourceTree = "<group>"; };
		14DD64A71A6BBB040074D9CA /* CustomIOS7AlertView.h */ = {isa = PBXFileReference; fileEncoding = 4; lastKnownFileType = sourcecode.c.h; path = CustomIOS7AlertView.h; sourceTree = "<group>"; };
		14DD64A81A6BBB040074D9CA /* CustomIOS7AlertView.m */ = {isa = PBXFileReference; fileEncoding = 4; lastKnownFileType = sourcecode.c.objc; path = CustomIOS7AlertView.m; sourceTree = "<group>"; };
		14DD64AA1A6BBB3C0074D9CA /* FEInputAlertView.h */ = {isa = PBXFileReference; fileEncoding = 4; lastKnownFileType = sourcecode.c.h; path = FEInputAlertView.h; sourceTree = "<group>"; };
		14DD64AB1A6BBB3C0074D9CA /* FEInputAlertView.m */ = {isa = PBXFileReference; fileEncoding = 4; lastKnownFileType = sourcecode.c.objc; path = FEInputAlertView.m; sourceTree = "<group>"; };
		14F9982D1A7DD4370052D0B3 /* FEOrderInfoItemCell.h */ = {isa = PBXFileReference; fileEncoding = 4; lastKnownFileType = sourcecode.c.h; path = FEOrderInfoItemCell.h; sourceTree = "<group>"; };
		14F9982E1A7DD4370052D0B3 /* FEOrderInfoItemCell.m */ = {isa = PBXFileReference; fileEncoding = 4; lastKnownFileType = sourcecode.c.objc; path = FEOrderInfoItemCell.m; sourceTree = "<group>"; };
		14F998301A7DDDC30052D0B3 /* FEInfoInputVC.h */ = {isa = PBXFileReference; fileEncoding = 4; lastKnownFileType = sourcecode.c.h; path = FEInfoInputVC.h; sourceTree = "<group>"; };
		14F998311A7DDDC30052D0B3 /* FEInfoInputVC.m */ = {isa = PBXFileReference; fileEncoding = 4; lastKnownFileType = sourcecode.c.objc; path = FEInfoInputVC.m; sourceTree = "<group>"; };
		14F998331A7E5C2C0052D0B3 /* FECreateOrderResponse.h */ = {isa = PBXFileReference; fileEncoding = 4; lastKnownFileType = sourcecode.c.h; path = FECreateOrderResponse.h; sourceTree = "<group>"; };
		14F998341A7E5C2C0052D0B3 /* FECreateOrderResponse.m */ = {isa = PBXFileReference; fileEncoding = 4; lastKnownFileType = sourcecode.c.objc; path = FECreateOrderResponse.m; sourceTree = "<group>"; };
		14F998391A7F16800052D0B3 /* GAAlertObj.h */ = {isa = PBXFileReference; fileEncoding = 4; lastKnownFileType = sourcecode.c.h; path = GAAlertObj.h; sourceTree = "<group>"; };
		14F9983A1A7F16800052D0B3 /* GAAlertObj.m */ = {isa = PBXFileReference; fileEncoding = 4; lastKnownFileType = sourcecode.c.objc; path = GAAlertObj.m; sourceTree = "<group>"; };
		14F9983C1A7F3FC30052D0B3 /* FEPopPickerView.h */ = {isa = PBXFileReference; fileEncoding = 4; lastKnownFileType = sourcecode.c.h; path = FEPopPickerView.h; sourceTree = "<group>"; };
		14F9983D1A7F3FC30052D0B3 /* FEPopPickerView.m */ = {isa = PBXFileReference; fileEncoding = 4; lastKnownFileType = sourcecode.c.objc; path = FEPopPickerView.m; sourceTree = "<group>"; };
		14F9983F1A7F5D670052D0B3 /* FEPayOnlineVC.h */ = {isa = PBXFileReference; fileEncoding = 4; lastKnownFileType = sourcecode.c.h; path = FEPayOnlineVC.h; sourceTree = "<group>"; };
		14F998401A7F5D670052D0B3 /* FEPayOnlineVC.m */ = {isa = PBXFileReference; fileEncoding = 4; lastKnownFileType = sourcecode.c.objc; path = FEPayOnlineVC.m; sourceTree = "<group>"; };
		14F998421A7F68DC0052D0B3 /* FEMyInfoTableVC.h */ = {isa = PBXFileReference; fileEncoding = 4; lastKnownFileType = sourcecode.c.h; path = FEMyInfoTableVC.h; sourceTree = "<group>"; };
		14F998431A7F68DC0052D0B3 /* FEMyInfoTableVC.m */ = {isa = PBXFileReference; fileEncoding = 4; lastKnownFileType = sourcecode.c.objc; path = FEMyInfoTableVC.m; sourceTree = "<group>"; };
		14F998451A7FA60C0052D0B3 /* FEOrderCancelRequest.h */ = {isa = PBXFileReference; fileEncoding = 4; lastKnownFileType = sourcecode.c.h; path = FEOrderCancelRequest.h; sourceTree = "<group>"; };
		14F998461A7FA60C0052D0B3 /* FEOrderCancelRequest.m */ = {isa = PBXFileReference; fileEncoding = 4; lastKnownFileType = sourcecode.c.objc; path = FEOrderCancelRequest.m; sourceTree = "<group>"; };
		14F998481A7FBD3C0052D0B3 /* FEModifyPasswordVC.h */ = {isa = PBXFileReference; fileEncoding = 4; lastKnownFileType = sourcecode.c.h; path = FEModifyPasswordVC.h; sourceTree = "<group>"; };
		14F998491A7FBD3C0052D0B3 /* FEModifyPasswordVC.m */ = {isa = PBXFileReference; fileEncoding = 4; lastKnownFileType = sourcecode.c.objc; path = FEModifyPasswordVC.m; sourceTree = "<group>"; };
		14F9984B1A7FC0470052D0B3 /* FEModifyPswRequest.h */ = {isa = PBXFileReference; fileEncoding = 4; lastKnownFileType = sourcecode.c.h; path = FEModifyPswRequest.h; sourceTree = "<group>"; };
		14F9984C1A7FC0470052D0B3 /* FEModifyPswRequest.m */ = {isa = PBXFileReference; fileEncoding = 4; lastKnownFileType = sourcecode.c.objc; path = FEModifyPswRequest.m; sourceTree = "<group>"; };
		14F9984E1A8057390052D0B3 /* FEModifyProfileVC.h */ = {isa = PBXFileReference; fileEncoding = 4; lastKnownFileType = sourcecode.c.h; path = FEModifyProfileVC.h; sourceTree = "<group>"; };
		14F9984F1A80573A0052D0B3 /* FEModifyProfileVC.m */ = {isa = PBXFileReference; fileEncoding = 4; lastKnownFileType = sourcecode.c.objc; path = FEModifyProfileVC.m; sourceTree = "<group>"; };
		14F998511A8069010052D0B3 /* FEModifyProfileRequest.h */ = {isa = PBXFileReference; fileEncoding = 4; lastKnownFileType = sourcecode.c.h; path = FEModifyProfileRequest.h; sourceTree = "<group>"; };
		14F998521A8069010052D0B3 /* FEModifyProfileRequest.m */ = {isa = PBXFileReference; fileEncoding = 4; lastKnownFileType = sourcecode.c.objc; path = FEModifyProfileRequest.m; sourceTree = "<group>"; };
		14F998541A8069A70052D0B3 /* FECustomer.h */ = {isa = PBXFileReference; fileEncoding = 4; lastKnownFileType = sourcecode.c.h; path = FECustomer.h; sourceTree = "<group>"; };
		14F998551A8069A70052D0B3 /* FECustomer.m */ = {isa = PBXFileReference; fileEncoding = 4; lastKnownFileType = sourcecode.c.objc; path = FECustomer.m; sourceTree = "<group>"; };
		14F998571A806B170052D0B3 /* FEGetCustomerRequest.h */ = {isa = PBXFileReference; fileEncoding = 4; lastKnownFileType = sourcecode.c.h; path = FEGetCustomerRequest.h; sourceTree = "<group>"; };
		14F998581A806B170052D0B3 /* FEGetCustomerRequest.m */ = {isa = PBXFileReference; fileEncoding = 4; lastKnownFileType = sourcecode.c.objc; path = FEGetCustomerRequest.m; sourceTree = "<group>"; };
		14F9985A1A806E9B0052D0B3 /* FEGetCustomerResponse.h */ = {isa = PBXFileReference; fileEncoding = 4; lastKnownFileType = sourcecode.c.h; path = FEGetCustomerResponse.h; sourceTree = "<group>"; };
		14F9985B1A806E9B0052D0B3 /* FEGetCustomerResponse.m */ = {isa = PBXFileReference; fileEncoding = 4; lastKnownFileType = sourcecode.c.objc; path = FEGetCustomerResponse.m; sourceTree = "<group>"; };
		14FF4A181A66936000DECA7B /* FESelectCategoryVC.h */ = {isa = PBXFileReference; fileEncoding = 4; lastKnownFileType = sourcecode.c.h; path = FESelectCategoryVC.h; sourceTree = "<group>"; };
		14FF4A191A66936000DECA7B /* FESelectCategoryVC.m */ = {isa = PBXFileReference; fileEncoding = 4; lastKnownFileType = sourcecode.c.objc; path = FESelectCategoryVC.m; sourceTree = "<group>"; };
		14FF4A1B1A66950D00DECA7B /* FELaundryWebService.h */ = {isa = PBXFileReference; fileEncoding = 4; lastKnownFileType = sourcecode.c.h; path = FELaundryWebService.h; sourceTree = "<group>"; };
		14FF4A1C1A66950D00DECA7B /* FELaundryWebService.m */ = {isa = PBXFileReference; fileEncoding = 4; lastKnownFileType = sourcecode.c.objc; path = FELaundryWebService.m; sourceTree = "<group>"; };
		14FF4A241A66962400DECA7B /* NSString+Attribute.h */ = {isa = PBXFileReference; fileEncoding = 4; lastKnownFileType = sourcecode.c.h; path = "NSString+Attribute.h"; sourceTree = "<group>"; };
		14FF4A251A66962400DECA7B /* NSString+Attribute.m */ = {isa = PBXFileReference; fileEncoding = 4; lastKnownFileType = sourcecode.c.objc; path = "NSString+Attribute.m"; sourceTree = "<group>"; };
		14FF4A261A66962400DECA7B /* SSObject.h */ = {isa = PBXFileReference; fileEncoding = 4; lastKnownFileType = sourcecode.c.h; path = SSObject.h; sourceTree = "<group>"; };
		14FF4A271A66962400DECA7B /* SSObject.m */ = {isa = PBXFileReference; fileEncoding = 4; lastKnownFileType = sourcecode.c.objc; path = SSObject.m; sourceTree = "<group>"; };
		14FF4A2B1A6696A200DECA7B /* FEBaseRequest.h */ = {isa = PBXFileReference; fileEncoding = 4; lastKnownFileType = sourcecode.c.h; path = FEBaseRequest.h; sourceTree = "<group>"; };
		14FF4A2C1A6696A200DECA7B /* FEBaseRequest.m */ = {isa = PBXFileReference; fileEncoding = 4; lastKnownFileType = sourcecode.c.objc; path = FEBaseRequest.m; sourceTree = "<group>"; };
		14FF4A2E1A6696B300DECA7B /* FEBaseResponse.h */ = {isa = PBXFileReference; fileEncoding = 4; lastKnownFileType = sourcecode.c.h; path = FEBaseResponse.h; sourceTree = "<group>"; };
		14FF4A2F1A6696B300DECA7B /* FEBaseResponse.m */ = {isa = PBXFileReference; fileEncoding = 4; lastKnownFileType = sourcecode.c.objc; path = FEBaseResponse.m; sourceTree = "<group>"; };
		14FF4A321A66995000DECA7B /* FEWebServiceDefine.h */ = {isa = PBXFileReference; fileEncoding = 4; lastKnownFileType = sourcecode.c.h; path = FEWebServiceDefine.h; sourceTree = "<group>"; };
		14FF4A331A66A02D00DECA7B /* FEGetCompanyRequest.h */ = {isa = PBXFileReference; fileEncoding = 4; lastKnownFileType = sourcecode.c.h; path = FEGetCompanyRequest.h; sourceTree = "<group>"; };
		14FF4A341A66A02D00DECA7B /* FEGetCompanyRequest.m */ = {isa = PBXFileReference; fileEncoding = 4; lastKnownFileType = sourcecode.c.objc; path = FEGetCompanyRequest.m; sourceTree = "<group>"; };
		14FF4A361A66A45800DECA7B /* FEGetCompanyResponse.h */ = {isa = PBXFileReference; fileEncoding = 4; lastKnownFileType = sourcecode.c.h; path = FEGetCompanyResponse.h; sourceTree = "<group>"; };
		14FF4A371A66A45800DECA7B /* FEGetCompanyResponse.m */ = {isa = PBXFileReference; fileEncoding = 4; lastKnownFileType = sourcecode.c.objc; path = FEGetCompanyResponse.m; sourceTree = "<group>"; };
		14FF4A391A66A48C00DECA7B /* FECompany.h */ = {isa = PBXFileReference; fileEncoding = 4; lastKnownFileType = sourcecode.c.h; path = FECompany.h; sourceTree = "<group>"; };
		14FF4A3A1A66A48C00DECA7B /* FECompany.m */ = {isa = PBXFileReference; fileEncoding = 4; lastKnownFileType = sourcecode.c.objc; path = FECompany.m; sourceTree = "<group>"; };
		14FF4A3F1A66A6D500DECA7B /* FEGetADRequest.h */ = {isa = PBXFileReference; fileEncoding = 4; lastKnownFileType = sourcecode.c.h; path = FEGetADRequest.h; sourceTree = "<group>"; };
		14FF4A401A66A6D500DECA7B /* FEGetADRequest.m */ = {isa = PBXFileReference; fileEncoding = 4; lastKnownFileType = sourcecode.c.objc; path = FEGetADRequest.m; sourceTree = "<group>"; };
		14FF4A421A66A72200DECA7B /* FEGetADResponse.h */ = {isa = PBXFileReference; fileEncoding = 4; lastKnownFileType = sourcecode.c.h; path = FEGetADResponse.h; sourceTree = "<group>"; };
		14FF4A431A66A72200DECA7B /* FEGetADResponse.m */ = {isa = PBXFileReference; fileEncoding = 4; lastKnownFileType = sourcecode.c.objc; path = FEGetADResponse.m; sourceTree = "<group>"; };
		14FF4A451A66A79300DECA7B /* FEAD.h */ = {isa = PBXFileReference; fileEncoding = 4; lastKnownFileType = sourcecode.c.h; path = FEAD.h; sourceTree = "<group>"; };
		14FF4A461A66A79300DECA7B /* FEAD.m */ = {isa = PBXFileReference; fileEncoding = 4; lastKnownFileType = sourcecode.c.objc; path = FEAD.m; sourceTree = "<group>"; };
		14FF4A571A67527000DECA7B /* FECategory.h */ = {isa = PBXFileReference; fileEncoding = 4; lastKnownFileType = sourcecode.c.h; path = FECategory.h; sourceTree = "<group>"; };
		14FF4A581A67527000DECA7B /* FECategory.m */ = {isa = PBXFileReference; fileEncoding = 4; lastKnownFileType = sourcecode.c.objc; path = FECategory.m; sourceTree = "<group>"; };
		14FF4A5A1A675B2200DECA7B /* FEGetProductTypeReques.h */ = {isa = PBXFileReference; fileEncoding = 4; lastKnownFileType = sourcecode.c.h; path = FEGetProductTypeReques.h; sourceTree = "<group>"; };
		14FF4A5B1A675B2200DECA7B /* FEGetProductTypeReques.m */ = {isa = PBXFileReference; fileEncoding = 4; lastKnownFileType = sourcecode.c.objc; path = FEGetProductTypeReques.m; sourceTree = "<group>"; };
		14FF4A5D1A675C4300DECA7B /* FEGetProductTypeResponse.h */ = {isa = PBXFileReference; fileEncoding = 4; lastKnownFileType = sourcecode.c.h; path = FEGetProductTypeResponse.h; sourceTree = "<group>"; };
		14FF4A5E1A675C4300DECA7B /* FEGetProductTypeResponse.m */ = {isa = PBXFileReference; fileEncoding = 4; lastKnownFileType = sourcecode.c.objc; path = FEGetProductTypeResponse.m; sourceTree = "<group>"; };
		14FF4A631A67646D00DECA7B /* FEProduct.h */ = {isa = PBXFileReference; fileEncoding = 4; lastKnownFileType = sourcecode.c.h; path = FEProduct.h; sourceTree = "<group>"; };
		14FF4A641A67646D00DECA7B /* FEProduct.m */ = {isa = PBXFileReference; fileEncoding = 4; lastKnownFileType = sourcecode.c.objc; path = FEProduct.m; sourceTree = "<group>"; };
		14FF4A661A6765EE00DECA7B /* FEGetProductRequest.h */ = {isa = PBXFileReference; fileEncoding = 4; lastKnownFileType = sourcecode.c.h; path = FEGetProductRequest.h; sourceTree = "<group>"; };
		14FF4A671A6765EE00DECA7B /* FEGetProductRequest.m */ = {isa = PBXFileReference; fileEncoding = 4; lastKnownFileType = sourcecode.c.objc; path = FEGetProductRequest.m; sourceTree = "<group>"; };
		14FF4A6A1A67671400DECA7B /* FEDataCache.h */ = {isa = PBXFileReference; fileEncoding = 4; lastKnownFileType = sourcecode.c.h; path = FEDataCache.h; sourceTree = "<group>"; };
		14FF4A6B1A67671400DECA7B /* FEDataCache.m */ = {isa = PBXFileReference; fileEncoding = 4; lastKnownFileType = sourcecode.c.objc; path = FEDataCache.m; sourceTree = "<group>"; };
		14FF4A6D1A67738000DECA7B /* FEGetProductResponse.h */ = {isa = PBXFileReference; fileEncoding = 4; lastKnownFileType = sourcecode.c.h; path = FEGetProductResponse.h; sourceTree = "<group>"; };
		14FF4A6E1A67738000DECA7B /* FEGetProductResponse.m */ = {isa = PBXFileReference; fileEncoding = 4; lastKnownFileType = sourcecode.c.objc; path = FEGetProductResponse.m; sourceTree = "<group>"; };
		14FF4A701A67899200DECA7B /* FEButton.h */ = {isa = PBXFileReference; fileEncoding = 4; lastKnownFileType = sourcecode.c.h; path = FEButton.h; sourceTree = "<group>"; };
		14FF4A711A67899200DECA7B /* FEButton.m */ = {isa = PBXFileReference; fileEncoding = 4; lastKnownFileType = sourcecode.c.objc; path = FEButton.m; sourceTree = "<group>"; };
		14FF4A731A67928800DECA7B /* FEBasketItemCell.h */ = {isa = PBXFileReference; fileEncoding = 4; lastKnownFileType = sourcecode.c.h; path = FEBasketItemCell.h; sourceTree = "<group>"; };
		14FF4A741A67928800DECA7B /* FEBasketItemCell.m */ = {isa = PBXFileReference; fileEncoding = 4; lastKnownFileType = sourcecode.c.objc; path = FEBasketItemCell.m; sourceTree = "<group>"; };
		14FF4A761A67AC2100DECA7B /* FEPickerView.h */ = {isa = PBXFileReference; fileEncoding = 4; lastKnownFileType = sourcecode.c.h; path = FEPickerView.h; sourceTree = "<group>"; };
		14FF4A771A67AC2100DECA7B /* FEPickerView.m */ = {isa = PBXFileReference; fileEncoding = 4; lastKnownFileType = sourcecode.c.objc; path = FEPickerView.m; sourceTree = "<group>"; };
		14FF4A791A67BE6C00DECA7B /* FEOrderSubmitVC.h */ = {isa = PBXFileReference; fileEncoding = 4; lastKnownFileType = sourcecode.c.h; path = FEOrderSubmitVC.h; sourceTree = "<group>"; };
		14FF4A7A1A67BE6C00DECA7B /* FEOrderSubmitVC.m */ = {isa = PBXFileReference; fileEncoding = 4; lastKnownFileType = sourcecode.c.objc; path = FEOrderSubmitVC.m; sourceTree = "<group>"; };
		14FF4A7C1A67E5F100DECA7B /* FESigninVC.h */ = {isa = PBXFileReference; fileEncoding = 4; lastKnownFileType = sourcecode.c.h; path = FESigninVC.h; sourceTree = "<group>"; };
		14FF4A7D1A67E5F100DECA7B /* FESigninVC.m */ = {isa = PBXFileReference; fileEncoding = 4; lastKnownFileType = sourcecode.c.objc; path = FESigninVC.m; sourceTree = "<group>"; };
		14FF4A7F1A67E69100DECA7B /* FERegistVC.h */ = {isa = PBXFileReference; fileEncoding = 4; lastKnownFileType = sourcecode.c.h; path = FERegistVC.h; sourceTree = "<group>"; };
		14FF4A801A67E69100DECA7B /* FERegistVC.m */ = {isa = PBXFileReference; fileEncoding = 4; lastKnownFileType = sourcecode.c.objc; path = FERegistVC.m; sourceTree = "<group>"; };
		14FF4A821A67EC7F00DECA7B /* FEForgotPasswordVC.h */ = {isa = PBXFileReference; fileEncoding = 4; lastKnownFileType = sourcecode.c.h; path = FEForgotPasswordVC.h; sourceTree = "<group>"; };
		14FF4A831A67EC7F00DECA7B /* FEForgotPasswordVC.m */ = {isa = PBXFileReference; fileEncoding = 4; lastKnownFileType = sourcecode.c.objc; path = FEForgotPasswordVC.m; sourceTree = "<group>"; };
		14FF4A851A67ECE900DECA7B /* FESigninRequest.h */ = {isa = PBXFileReference; fileEncoding = 4; lastKnownFileType = sourcecode.c.h; path = FESigninRequest.h; sourceTree = "<group>"; };
		14FF4A861A67ECE900DECA7B /* FESigninRequest.m */ = {isa = PBXFileReference; fileEncoding = 4; lastKnownFileType = sourcecode.c.objc; path = FESigninRequest.m; sourceTree = "<group>"; };
		14FF4A881A67ED4300DECA7B /* FEUser.h */ = {isa = PBXFileReference; fileEncoding = 4; lastKnownFileType = sourcecode.c.h; path = FEUser.h; sourceTree = "<group>"; };
		14FF4A891A67ED4300DECA7B /* FEUser.m */ = {isa = PBXFileReference; fileEncoding = 4; lastKnownFileType = sourcecode.c.objc; path = FEUser.m; sourceTree = "<group>"; };
		14FF4A8B1A67F00700DECA7B /* FESigninResponse.h */ = {isa = PBXFileReference; fileEncoding = 4; lastKnownFileType = sourcecode.c.h; path = FESigninResponse.h; sourceTree = "<group>"; };
		14FF4A8C1A67F00700DECA7B /* FESigninResponse.m */ = {isa = PBXFileReference; fileEncoding = 4; lastKnownFileType = sourcecode.c.objc; path = FESigninResponse.m; sourceTree = "<group>"; };
		14FF4A8E1A67F79500DECA7B /* FEProfileVC.h */ = {isa = PBXFileReference; fileEncoding = 4; lastKnownFileType = sourcecode.c.h; path = FEProfileVC.h; sourceTree = "<group>"; };
		14FF4A8F1A67F79500DECA7B /* FEProfileVC.m */ = {isa = PBXFileReference; fileEncoding = 4; lastKnownFileType = sourcecode.c.objc; path = FEProfileVC.m; sourceTree = "<group>"; };
		37D466024D554E110EE6D485 /* Pods.debug.xcconfig */ = {isa = PBXFileReference; includeInIndex = 1; lastKnownFileType = text.xcconfig; name = Pods.debug.xcconfig; path = "Pods/Target Support Files/Pods/Pods.debug.xcconfig"; sourceTree = "<group>"; };
		8D324F9EA567674ADBDC5E80 /* Pods.release.xcconfig */ = {isa = PBXFileReference; includeInIndex = 1; lastKnownFileType = text.xcconfig; name = Pods.release.xcconfig; path = "Pods/Target Support Files/Pods/Pods.release.xcconfig"; sourceTree = "<group>"; };
/* End PBXFileReference section */

/* Begin PBXFrameworksBuildPhase section */
		14469E601A65F9DC00515685 /* Frameworks */ = {
			isa = PBXFrameworksBuildPhase;
			buildActionMask = 2147483647;
			files = (
				E569705F7F110B016F064A8F /* libPods.a in Frameworks */,
				14950D671A7917E2001416A7 /* AlipaySDK.framework in Frameworks */,
			);
			runOnlyForDeploymentPostprocessing = 0;
		};
/* End PBXFrameworksBuildPhase section */

/* Begin PBXGroup section */
		1443500D1A663E21002BB228 /* HomePage */ = {
			isa = PBXGroup;
			children = (
				1443501D1A664074002BB228 /* FEHomePageVC.h */,
				1443501E1A664074002BB228 /* FEHomePageVC.m */,
				14FF4A181A66936000DECA7B /* FESelectCategoryVC.h */,
				14FF4A191A66936000DECA7B /* FESelectCategoryVC.m */,
				14F9983C1A7F3FC30052D0B3 /* FEPopPickerView.h */,
				14F9983D1A7F3FC30052D0B3 /* FEPopPickerView.m */,
			);
			name = HomePage;
			sourceTree = "<group>";
		};
		1443500E1A663E31002BB228 /* Basket */ = {
			isa = PBXGroup;
			children = (
				144350201A66408A002BB228 /* FEBasketVC.h */,
				144350211A66408A002BB228 /* FEBasketVC.m */,
				14FF4A731A67928800DECA7B /* FEBasketItemCell.h */,
				14FF4A741A67928800DECA7B /* FEBasketItemCell.m */,
				14FF4A761A67AC2100DECA7B /* FEPickerView.h */,
				14FF4A771A67AC2100DECA7B /* FEPickerView.m */,
				14FF4A791A67BE6C00DECA7B /* FEOrderSubmitVC.h */,
				14FF4A7A1A67BE6C00DECA7B /* FEOrderSubmitVC.m */,
				1403EEE21A6C9F1A00B6DF64 /* FEModifyInfoVC.h */,
				1403EEE31A6C9F1A00B6DF64 /* FEModifyInfoVC.m */,
				1403EEE51A6CA36000B6DF64 /* FEOrderInfo.h */,
				1403EEE61A6CA36000B6DF64 /* FEOrderInfo.m */,
				14F9982D1A7DD4370052D0B3 /* FEOrderInfoItemCell.h */,
				14F9982E1A7DD4370052D0B3 /* FEOrderInfoItemCell.m */,
				14F998301A7DDDC30052D0B3 /* FEInfoInputVC.h */,
				14F998311A7DDDC30052D0B3 /* FEInfoInputVC.m */,
				14F9983F1A7F5D670052D0B3 /* FEPayOnlineVC.h */,
				14F998401A7F5D670052D0B3 /* FEPayOnlineVC.m */,
			);
			name = Basket;
			sourceTree = "<group>";
		};
		1443500F1A663E61002BB228 /* Me */ = {
			isa = PBXGroup;
			children = (
				144350231A6640D3002BB228 /* FEMeShouldSigninVC.h */,
				144350241A6640D3002BB228 /* FEMeShouldSigninVC.m */,
				14FF4A7C1A67E5F100DECA7B /* FESigninVC.h */,
				14FF4A7D1A67E5F100DECA7B /* FESigninVC.m */,
				14FF4A7F1A67E69100DECA7B /* FERegistVC.h */,
				14FF4A801A67E69100DECA7B /* FERegistVC.m */,
				14FF4A821A67EC7F00DECA7B /* FEForgotPasswordVC.h */,
				14FF4A831A67EC7F00DECA7B /* FEForgotPasswordVC.m */,
				14FF4A8E1A67F79500DECA7B /* FEProfileVC.h */,
				14FF4A8F1A67F79500DECA7B /* FEProfileVC.m */,
				1418A1981A6809A100886FDA /* FEMyOrderVC.h */,
				1418A1991A6809A100886FDA /* FEMyOrderVC.m */,
				1447164E1A6D56AA003359FC /* FEOrderDetailVC.h */,
				1447164F1A6D56AA003359FC /* FEOrderDetailVC.m */,
				14F998421A7F68DC0052D0B3 /* FEMyInfoTableVC.h */,
				14F998431A7F68DC0052D0B3 /* FEMyInfoTableVC.m */,
				14F998481A7FBD3C0052D0B3 /* FEModifyPasswordVC.h */,
				14F998491A7FBD3C0052D0B3 /* FEModifyPasswordVC.m */,
				14F9984E1A8057390052D0B3 /* FEModifyProfileVC.h */,
				14F9984F1A80573A0052D0B3 /* FEModifyProfileVC.m */,
			);
			name = Me;
			sourceTree = "<group>";
		};
		144350101A663E7B002BB228 /* Setting */ = {
			isa = PBXGroup;
			children = (
				144350261A6640EC002BB228 /* FESettingVC.h */,
				144350271A6640EC002BB228 /* FESettingVC.m */,
			);
			name = Setting;
			sourceTree = "<group>";
		};
		144350511A6652A6002BB228 /* Categorys */ = {
			isa = PBXGroup;
			children = (
				144350521A6652A6002BB228 /* NSDate+Formatter.h */,
				144350531A6652A6002BB228 /* NSDate+Formatter.m */,
				144350541A6652A6002BB228 /* NSString+Attribute.h */,
				144350551A6652A6002BB228 /* NSString+Attribute.m */,
				144350561A6652A6002BB228 /* NSString+DateFromNow.h */,
				144350571A6652A6002BB228 /* NSString+DateFromNow.m */,
				144350581A6652A6002BB228 /* NSString+MD5.h */,
				144350591A6652A6002BB228 /* NSString+MD5.m */,
				1443505A1A6652A6002BB228 /* NSString+Number.h */,
				1443505B1A6652A6002BB228 /* NSString+Number.m */,
				1443505C1A6652A6002BB228 /* NSString+UUID.h */,
				1443505D1A6652A6002BB228 /* NSString+UUID.m */,
				1443505E1A6652A6002BB228 /* NSString+Verify.h */,
				1443505F1A6652A6002BB228 /* NSString+Verify.m */,
				144350601A6652A6002BB228 /* UIColor+Hex.h */,
				144350611A6652A6002BB228 /* UIColor+Hex.m */,
				144350621A6652A6002BB228 /* UIColor+Theme.h */,
				144350631A6652A6002BB228 /* UIColor+Theme.m */,
				144350641A6652A6002BB228 /* UIFont+AppFont.h */,
				144350651A6652A6002BB228 /* UIFont+AppFont.m */,
				144350661A6652A6002BB228 /* UIImage+LogN.h */,
				144350671A6652A6002BB228 /* UIImage+LogN.m */,
				144350681A6652A6002BB228 /* UIImage+Resize.h */,
				144350691A6652A6002BB228 /* UIImage+Resize.m */,
			);
			path = Categorys;
			sourceTree = "<group>";
		};
		14469E5A1A65F9DC00515685 = {
			isa = PBXGroup;
			children = (
				14469E651A65F9DC00515685 /* Laundry */,
				14469E641A65F9DC00515685 /* Products */,
				9857409EB5DF0CB10D3FAFF4 /* Pods */,
				AEADF1BE1820F012637853C3 /* Frameworks */,
			);
			sourceTree = "<group>";
		};
		14469E641A65F9DC00515685 /* Products */ = {
			isa = PBXGroup;
			children = (
				14469E631A65F9DC00515685 /* Laundry.app */,
			);
			name = Products;
			sourceTree = "<group>";
		};
		14469E651A65F9DC00515685 /* Laundry */ = {
			isa = PBXGroup;
			children = (
				14950D631A7917B0001416A7 /* Alipay */,
				14FF4A691A6766F700DECA7B /* Model */,
				144350511A6652A6002BB228 /* Categorys */,
				14469E971A65FAA900515685 /* DB */,
				14469E8F1A65FA5A00515685 /* AppDelegate */,
				14469E901A65FA5A00515685 /* Common */,
				14469E911A65FA5A00515685 /* ThirdLib */,
				14469E921A65FA5A00515685 /* UI */,
				14469E931A65FA5A00515685 /* WebService */,
				14469E731A65F9DC00515685 /* Main.storyboard */,
				14469E761A65F9DC00515685 /* Images.xcassets */,
				14469E781A65F9DC00515685 /* LaunchScreen.xib */,
				14469E661A65F9DC00515685 /* Supporting Files */,
			);
			path = Laundry;
			sourceTree = "<group>";
		};
		14469E661A65F9DC00515685 /* Supporting Files */ = {
			isa = PBXGroup;
			children = (
				1423F5D01A80A35700625A53 /* ErrorCode.plist */,
				14469E671A65F9DC00515685 /* Info.plist */,
				14469E681A65F9DC00515685 /* main.m */,
				1443502B1A66433F002BB228 /* Laundry-Prefix.pch */,
			);
			name = "Supporting Files";
			sourceTree = "<group>";
		};
		14469E8F1A65FA5A00515685 /* AppDelegate */ = {
			isa = PBXGroup;
			children = (
				14469E941A65FA8500515685 /* AppDelegate.h */,
				14469E951A65FA8500515685 /* AppDelegate.m */,
				144350291A6642E3002BB228 /* FELaundryConfig.h */,
				1443502A1A664301002BB228 /* FELaundryDefine.h */,
			);
			path = AppDelegate;
			sourceTree = "<group>";
		};
		14469E901A65FA5A00515685 /* Common */ = {
			isa = PBXGroup;
			children = (
				1403EEE81A6CBF6200B6DF64 /* FEGetCurrentCity.h */,
				1403EEE91A6CBF6200B6DF64 /* FEGetCurrentCity.m */,
				14FF4A701A67899200DECA7B /* FEButton.h */,
				14FF4A711A67899200DECA7B /* FEButton.m */,
				1443501A1A66404B002BB228 /* FETableView.h */,
				1443501B1A66404B002BB228 /* FETableView.m */,
				14469E9E1A6612BB00515685 /* FECommonTabbarController.h */,
				14469E9F1A6612BB00515685 /* FECommonTabbarController.m */,
				144350111A663EA2002BB228 /* FETableViewController.h */,
				144350121A663EA2002BB228 /* FETableViewController.m */,
				144350141A663EC1002BB228 /* FEViewController.h */,
				144350151A663EC1002BB228 /* FEViewController.m */,
				144350171A663FA0002BB228 /* FENavigationController.h */,
				144350181A663FA0002BB228 /* FENavigationController.m */,
				1418A1B61A68B7BF00886FDA /* FECustomSegue.h */,
				1418A1B71A68B7BF00886FDA /* FECustomSegue.m */,
				14DD64AA1A6BBB3C0074D9CA /* FEInputAlertView.h */,
				14DD64AB1A6BBB3C0074D9CA /* FEInputAlertView.m */,
			);
			path = Common;
			sourceTree = "<group>";
		};
		14469E911A65FA5A00515685 /* ThirdLib */ = {
			isa = PBXGroup;
			children = (
				14F998381A7F16800052D0B3 /* GAAlert */,
				14DD64A61A6BBAFA0074D9CA /* AlertView */,
			);
			path = ThirdLib;
			sourceTree = "<group>";
		};
		14469E921A65FA5A00515685 /* UI */ = {
			isa = PBXGroup;
			children = (
				144350101A663E7B002BB228 /* Setting */,
				1443500F1A663E61002BB228 /* Me */,
				1443500E1A663E31002BB228 /* Basket */,
				1443500D1A663E21002BB228 /* HomePage */,
			);
			path = UI;
			sourceTree = "<group>";
		};
		14469E931A65FA5A00515685 /* WebService */ = {
			isa = PBXGroup;
			children = (
				14FF4A311A66992300DECA7B /* Param */,
				14FF4A2A1A66964200DECA7B /* Model */,
				14FF4A1B1A66950D00DECA7B /* FELaundryWebService.h */,
				14FF4A1C1A66950D00DECA7B /* FELaundryWebService.m */,
				14FF4A321A66995000DECA7B /* FEWebServiceDefine.h */,
				14FF4A2E1A6696B300DECA7B /* FEBaseResponse.h */,
				14FF4A2F1A6696B300DECA7B /* FEBaseResponse.m */,
				14FF4A2B1A6696A200DECA7B /* FEBaseRequest.h */,
				14FF4A2C1A6696A200DECA7B /* FEBaseRequest.m */,
				14FF4A261A66962400DECA7B /* SSObject.h */,
				14FF4A271A66962400DECA7B /* SSObject.m */,
				14FF4A241A66962400DECA7B /* NSString+Attribute.h */,
				14FF4A251A66962400DECA7B /* NSString+Attribute.m */,
			);
			path = WebService;
			sourceTree = "<group>";
		};
		14469E971A65FAA900515685 /* DB */ = {
			isa = PBXGroup;
			children = (
				14469E981A65FAA900515685 /* Laundry.xcdatamodeld */,
			);
			path = DB;
			sourceTree = "<group>";
		};
		14950D631A7917B0001416A7 /* Alipay */ = {
			isa = PBXGroup;
			children = (
				14950D711A7923F0001416A7 /* Util */,
				14950D6B1A792092001416A7 /* Order.h */,
				14950D6C1A792092001416A7 /* Order.m */,
				14950D641A7917E2001416A7 /* AlipaySDK.bundle */,
				14950D681A79184B001416A7 /* FEAlipay.h */,
				14950D691A79184B001416A7 /* FEAlipay.m */,
			);
			path = Alipay;
			sourceTree = "<group>";
		};
		14950D711A7923F0001416A7 /* Util */ = {
			isa = PBXGroup;
			children = (
				14950D721A7923F0001416A7 /* base64.h */,
				14950D731A7923F0001416A7 /* base64.m */,
				14950D741A7923F0001416A7 /* config.h */,
				14950D751A7923F0001416A7 /* DataSigner.h */,
				14950D761A7923F0001416A7 /* DataSigner.m */,
				14950D771A7923F0001416A7 /* DataVerifier.h */,
				14950D781A7923F0001416A7 /* DataVerifier.m */,
				14950D791A7923F0001416A7 /* MD5DataSigner.h */,
				14950D7A1A7923F0001416A7 /* MD5DataSigner.m */,
				14950D7B1A7923F0001416A7 /* NSDataEx.h */,
				14950D7C1A7923F0001416A7 /* NSDataEx.m */,
				14950D7D1A7923F0001416A7 /* openssl_wrapper.h */,
				14950D7E1A7923F0001416A7 /* openssl_wrapper.m */,
				14950D7F1A7923F0001416A7 /* RSADataSigner.h */,
				14950D801A7923F0001416A7 /* RSADataSigner.m */,
				14950D811A7923F0001416A7 /* RSADataVerifier.h */,
				14950D821A7923F0001416A7 /* RSADataVerifier.m */,
			);
			path = Util;
			sourceTree = "<group>";
		};
		14DD64A61A6BBAFA0074D9CA /* AlertView */ = {
			isa = PBXGroup;
			children = (
				14DD64A71A6BBB040074D9CA /* CustomIOS7AlertView.h */,
				14DD64A81A6BBB040074D9CA /* CustomIOS7AlertView.m */,
			);
			path = AlertView;
			sourceTree = "<group>";
		};
		14F998381A7F16800052D0B3 /* GAAlert */ = {
			isa = PBXGroup;
			children = (
				14F998391A7F16800052D0B3 /* GAAlertObj.h */,
				14F9983A1A7F16800052D0B3 /* GAAlertObj.m */,
			);
			path = GAAlert;
			sourceTree = "<group>";
		};
		14FF4A2A1A66964200DECA7B /* Model */ = {
			isa = PBXGroup;
			children = (
				14FF4A391A66A48C00DECA7B /* FECompany.h */,
				14FF4A3A1A66A48C00DECA7B /* FECompany.m */,
				14FF4A451A66A79300DECA7B /* FEAD.h */,
				14FF4A461A66A79300DECA7B /* FEAD.m */,
				14FF4A571A67527000DECA7B /* FECategory.h */,
				14FF4A581A67527000DECA7B /* FECategory.m */,
				14FF4A631A67646D00DECA7B /* FEProduct.h */,
				14FF4A641A67646D00DECA7B /* FEProduct.m */,
				14FF4A881A67ED4300DECA7B /* FEUser.h */,
				14FF4A891A67ED4300DECA7B /* FEUser.m */,
				1418A1A11A680B3900886FDA /* FEOrder.h */,
				1418A1A21A680B3900886FDA /* FEOrder.m */,
				1418A1B31A68A32F00886FDA /* FEOrderDetail.h */,
				1418A1B41A68A32F00886FDA /* FEOrderDetail.m */,
				14F998541A8069A70052D0B3 /* FECustomer.h */,
				14F998551A8069A70052D0B3 /* FECustomer.m */,
			);
			path = Model;
			sourceTree = "<group>";
		};
		14FF4A311A66992300DECA7B /* Param */ = {
			isa = PBXGroup;
			children = (
				14FF4A331A66A02D00DECA7B /* FEGetCompanyRequest.h */,
				14FF4A341A66A02D00DECA7B /* FEGetCompanyRequest.m */,
				14FF4A361A66A45800DECA7B /* FEGetCompanyResponse.h */,
				14FF4A371A66A45800DECA7B /* FEGetCompanyResponse.m */,
				14FF4A3F1A66A6D500DECA7B /* FEGetADRequest.h */,
				14FF4A401A66A6D500DECA7B /* FEGetADRequest.m */,
				14FF4A421A66A72200DECA7B /* FEGetADResponse.h */,
				14FF4A431A66A72200DECA7B /* FEGetADResponse.m */,
				14FF4A5A1A675B2200DECA7B /* FEGetProductTypeReques.h */,
				14FF4A5B1A675B2200DECA7B /* FEGetProductTypeReques.m */,
				14FF4A5D1A675C4300DECA7B /* FEGetProductTypeResponse.h */,
				14FF4A5E1A675C4300DECA7B /* FEGetProductTypeResponse.m */,
				14FF4A661A6765EE00DECA7B /* FEGetProductRequest.h */,
				14FF4A671A6765EE00DECA7B /* FEGetProductRequest.m */,
				14FF4A6D1A67738000DECA7B /* FEGetProductResponse.h */,
				14FF4A6E1A67738000DECA7B /* FEGetProductResponse.m */,
				14FF4A851A67ECE900DECA7B /* FESigninRequest.h */,
				14FF4A861A67ECE900DECA7B /* FESigninRequest.m */,
				14FF4A8B1A67F00700DECA7B /* FESigninResponse.h */,
				14FF4A8C1A67F00700DECA7B /* FESigninResponse.m */,
				1418A1951A68046600886FDA /* FESignoutRequest.h */,
				1418A1961A68046600886FDA /* FESignoutRequest.m */,
				1418A19B1A680A4C00886FDA /* FEOrderRequest.h */,
				1418A19C1A680A4C00886FDA /* FEOrderRequest.m */,
				1418A19E1A680B0300886FDA /* FEOrderListResponse.h */,
				1418A19F1A680B0300886FDA /* FEOrderListResponse.m */,
				1418A1A41A68122800886FDA /* FEVerifyCodeRequest.h */,
				1418A1A51A68122800886FDA /* FEVerifyCodeRequest.m */,
				1418A1A71A68125400886FDA /* FEVerifyCodeResponse.h */,
				1418A1A81A68125400886FDA /* FEVerifyCodeResponse.m */,
				1418A1AA1A6817C200886FDA /* FERegistResquest.h */,
				1418A1AB1A6817C200886FDA /* FERegistResquest.m */,
				1418A1AD1A68A2DA00886FDA /* FEOrderCreateRequest.h */,
				1418A1AE1A68A2DA00886FDA /* FEOrderCreateRequest.m */,
				14F998331A7E5C2C0052D0B3 /* FECreateOrderResponse.h */,
				14F998341A7E5C2C0052D0B3 /* FECreateOrderResponse.m */,
				1418A1B01A68A2F600886FDA /* FEOrderCreateResponse.h */,
				1418A1B11A68A2F600886FDA /* FEOrderCreateResponse.m */,
				144716511A6D5798003359FC /* FEOrderDetailRequest.h */,
				144716521A6D5798003359FC /* FEOrderDetailRequest.m */,
				144716541A6D5A4E003359FC /* FEOrderDetailResponse.h */,
				144716551A6D5A4E003359FC /* FEOrderDetailResponse.m */,
				144716571A6E1C62003359FC /* FEOrderDeleteRequest.h */,
				144716581A6E1C62003359FC /* FEOrderDeleteRequest.m */,
				14F998451A7FA60C0052D0B3 /* FEOrderCancelRequest.h */,
				14F998461A7FA60C0052D0B3 /* FEOrderCancelRequest.m */,
				1447165A1A6E1CFF003359FC /* FEOrderOperationResponse.h */,
				1447165B1A6E1CFF003359FC /* FEOrderOperationResponse.m */,
				14950D601A78CD3C001416A7 /* FEResetPasswordRequest.h */,
				14950D611A78CD3C001416A7 /* FEResetPasswordRequest.m */,
				14F9984B1A7FC0470052D0B3 /* FEModifyPswRequest.h */,
				14F9984C1A7FC0470052D0B3 /* FEModifyPswRequest.m */,
				14F998511A8069010052D0B3 /* FEModifyProfileRequest.h */,
				14F998521A8069010052D0B3 /* FEModifyProfileRequest.m */,
				14F998571A806B170052D0B3 /* FEGetCustomerRequest.h */,
				14F998581A806B170052D0B3 /* FEGetCustomerRequest.m */,
				14F9985A1A806E9B0052D0B3 /* FEGetCustomerResponse.h */,
				14F9985B1A806E9B0052D0B3 /* FEGetCustomerResponse.m */,
			);
			path = Param;
			sourceTree = "<group>";
		};
		14FF4A691A6766F700DECA7B /* Model */ = {
			isa = PBXGroup;
			children = (
				14FF4A6A1A67671400DECA7B /* FEDataCache.h */,
				14FF4A6B1A67671400DECA7B /* FEDataCache.m */,
			);
			path = Model;
			sourceTree = "<group>";
		};
		9857409EB5DF0CB10D3FAFF4 /* Pods */ = {
			isa = PBXGroup;
			children = (
				37D466024D554E110EE6D485 /* Pods.debug.xcconfig */,
				8D324F9EA567674ADBDC5E80 /* Pods.release.xcconfig */,
			);
			name = Pods;
			sourceTree = "<group>";
		};
		AEADF1BE1820F012637853C3 /* Frameworks */ = {
			isa = PBXGroup;
			children = (
				14950D651A7917E2001416A7 /* AlipaySDK.framework */,
				027B1062FF46A8B12B174FC1 /* libPods.a */,
			);
			name = Frameworks;
			sourceTree = "<group>";
		};
/* End PBXGroup section */

/* Begin PBXNativeTarget section */
		14469E621A65F9DC00515685 /* Laundry */ = {
			isa = PBXNativeTarget;
			buildConfigurationList = 14469E891A65F9DC00515685 /* Build configuration list for PBXNativeTarget "Laundry" */;
			buildPhases = (
				E59BBCC7D14C48844923EE1A /* Check Pods Manifest.lock */,
				14469E5F1A65F9DC00515685 /* Sources */,
				14469E601A65F9DC00515685 /* Frameworks */,
				14469E611A65F9DC00515685 /* Resources */,
				BAB70CF0E8FCF8CAE5593446 /* Copy Pods Resources */,
			);
			buildRules = (
			);
			dependencies = (
			);
			name = Laundry;
			productName = Laundry;
			productReference = 14469E631A65F9DC00515685 /* Laundry.app */;
			productType = "com.apple.product-type.application";
		};
/* End PBXNativeTarget section */

/* Begin PBXProject section */
		14469E5B1A65F9DC00515685 /* Project object */ = {
			isa = PBXProject;
			attributes = {
				LastUpgradeCheck = 0610;
				ORGANIZATIONNAME = FUEGO;
				TargetAttributes = {
					14469E621A65F9DC00515685 = {
						CreatedOnToolsVersion = 6.1.1;
					};
				};
			};
			buildConfigurationList = 14469E5E1A65F9DC00515685 /* Build configuration list for PBXProject "Laundry" */;
			compatibilityVersion = "Xcode 3.2";
			developmentRegion = English;
			hasScannedForEncodings = 0;
			knownRegions = (
				en,
				Base,
			);
			mainGroup = 14469E5A1A65F9DC00515685;
			productRefGroup = 14469E641A65F9DC00515685 /* Products */;
			projectDirPath = "";
			projectRoot = "";
			targets = (
				14469E621A65F9DC00515685 /* Laundry */,
			);
		};
/* End PBXProject section */

/* Begin PBXResourcesBuildPhase section */
		14469E611A65F9DC00515685 /* Resources */ = {
			isa = PBXResourcesBuildPhase;
			buildActionMask = 2147483647;
			files = (
				1423F5D11A80A35700625A53 /* ErrorCode.plist in Resources */,
				14469E751A65F9DC00515685 /* Main.storyboard in Resources */,
				14469E7A1A65F9DC00515685 /* LaunchScreen.xib in Resources */,
				14950D661A7917E2001416A7 /* AlipaySDK.bundle in Resources */,
				14469E771A65F9DC00515685 /* Images.xcassets in Resources */,
			);
			runOnlyForDeploymentPostprocessing = 0;
		};
/* End PBXResourcesBuildPhase section */

/* Begin PBXShellScriptBuildPhase section */
		BAB70CF0E8FCF8CAE5593446 /* Copy Pods Resources */ = {
			isa = PBXShellScriptBuildPhase;
			buildActionMask = 2147483647;
			files = (
			);
			inputPaths = (
			);
			name = "Copy Pods Resources";
			outputPaths = (
			);
			runOnlyForDeploymentPostprocessing = 0;
			shellPath = /bin/sh;
			shellScript = "\"${SRCROOT}/Pods/Target Support Files/Pods/Pods-resources.sh\"\n";
			showEnvVarsInLog = 0;
		};
		E59BBCC7D14C48844923EE1A /* Check Pods Manifest.lock */ = {
			isa = PBXShellScriptBuildPhase;
			buildActionMask = 2147483647;
			files = (
			);
			inputPaths = (
			);
			name = "Check Pods Manifest.lock";
			outputPaths = (
			);
			runOnlyForDeploymentPostprocessing = 0;
			shellPath = /bin/sh;
			shellScript = "diff \"${PODS_ROOT}/../Podfile.lock\" \"${PODS_ROOT}/Manifest.lock\" > /dev/null\nif [[ $? != 0 ]] ; then\n    cat << EOM\nerror: The sandbox is not in sync with the Podfile.lock. Run 'pod install' or update your CocoaPods installation.\nEOM\n    exit 1\nfi\n";
			showEnvVarsInLog = 0;
		};
/* End PBXShellScriptBuildPhase section */

/* Begin PBXSourcesBuildPhase section */
		14469E5F1A65F9DC00515685 /* Sources */ = {
			isa = PBXSourcesBuildPhase;
			buildActionMask = 2147483647;
			files = (
				1447165C1A6E1CFF003359FC /* FEOrderOperationResponse.m in Sources */,
				14469E691A65F9DC00515685 /* main.m in Sources */,
				14F9982F1A7DD4370052D0B3 /* FEOrderInfoItemCell.m in Sources */,
				14FF4A471A66A79300DECA7B /* FEAD.m in Sources */,
				14F9984D1A7FC0470052D0B3 /* FEModifyPswRequest.m in Sources */,
				144350711A6652A6002BB228 /* UIColor+Hex.m in Sources */,
				14950D6A1A79184B001416A7 /* FEAlipay.m in Sources */,
				14DD64AC1A6BBB3C0074D9CA /* FEInputAlertView.m in Sources */,
				14FF4A6C1A67671400DECA7B /* FEDataCache.m in Sources */,
				14FF4A871A67ECE900DECA7B /* FESigninRequest.m in Sources */,
				14FF4A381A66A45800DECA7B /* FEGetCompanyResponse.m in Sources */,
				14FF4A1A1A66936000DECA7B /* FESelectCategoryVC.m in Sources */,
				144350221A66408A002BB228 /* FEBasketVC.m in Sources */,
				14FF4A591A67527000DECA7B /* FECategory.m in Sources */,
				14950D861A7923F0001416A7 /* MD5DataSigner.m in Sources */,
				14F9984A1A7FBD3C0052D0B3 /* FEModifyPasswordVC.m in Sources */,
				14F998591A806B170052D0B3 /* FEGetCustomerRequest.m in Sources */,
				1443506D1A6652A6002BB228 /* NSString+MD5.m in Sources */,
				144350281A6640EC002BB228 /* FESettingVC.m in Sources */,
				1443506F1A6652A6002BB228 /* NSString+UUID.m in Sources */,
				1403EEE71A6CA36000B6DF64 /* FEOrderInfo.m in Sources */,
				14DD64A91A6BBB040074D9CA /* CustomIOS7AlertView.m in Sources */,
				1418A1971A68046600886FDA /* FESignoutRequest.m in Sources */,
				144350741A6652A6002BB228 /* UIImage+LogN.m in Sources */,
				14FF4A281A66962400DECA7B /* NSString+Attribute.m in Sources */,
				1418A1A31A680B3900886FDA /* FEOrder.m in Sources */,
				1403EEEA1A6CBF6200B6DF64 /* FEGetCurrentCity.m in Sources */,
				14469EA01A6612BB00515685 /* FECommonTabbarController.m in Sources */,
				1443506E1A6652A6002BB228 /* NSString+Number.m in Sources */,
				14FF4A351A66A02D00DECA7B /* FEGetCompanyRequest.m in Sources */,
				14950D891A7923F0001416A7 /* RSADataSigner.m in Sources */,
				14FF4A721A67899200DECA7B /* FEButton.m in Sources */,
				144350721A6652A6002BB228 /* UIColor+Theme.m in Sources */,
				14FF4A441A66A72200DECA7B /* FEGetADResponse.m in Sources */,
				14FF4A7E1A67E5F100DECA7B /* FESigninVC.m in Sources */,
				1418A19A1A6809A100886FDA /* FEMyOrderVC.m in Sources */,
				1418A19D1A680A4C00886FDA /* FEOrderRequest.m in Sources */,
				14FF4A8A1A67ED4300DECA7B /* FEUser.m in Sources */,
				14FF4A5F1A675C4300DECA7B /* FEGetProductTypeResponse.m in Sources */,
				1443506B1A6652A6002BB228 /* NSString+Attribute.m in Sources */,
				1418A1B21A68A2F600886FDA /* FEOrderCreateResponse.m in Sources */,
				14FF4A6F1A67738000DECA7B /* FEGetProductResponse.m in Sources */,
				14FF4A751A67928800DECA7B /* FEBasketItemCell.m in Sources */,
				14FF4A681A6765EE00DECA7B /* FEGetProductRequest.m in Sources */,
				14F9985C1A806E9B0052D0B3 /* FEGetCustomerResponse.m in Sources */,
				14469E9A1A65FAA900515685 /* Laundry.xcdatamodeld in Sources */,
				1418A1B81A68B7BF00886FDA /* FECustomSegue.m in Sources */,
				14950D831A7923F0001416A7 /* base64.m in Sources */,
				144350731A6652A6002BB228 /* UIFont+AppFont.m in Sources */,
				144716501A6D56AA003359FC /* FEOrderDetailVC.m in Sources */,
				1443501F1A664074002BB228 /* FEHomePageVC.m in Sources */,
				1418A1A91A68125400886FDA /* FEVerifyCodeResponse.m in Sources */,
				144716591A6E1C62003359FC /* FEOrderDeleteRequest.m in Sources */,
				14FF4A1D1A66950D00DECA7B /* FELaundryWebService.m in Sources */,
				14FF4A651A67646D00DECA7B /* FEProduct.m in Sources */,
				14469E961A65FA8500515685 /* AppDelegate.m in Sources */,
				14FF4A901A67F79500DECA7B /* FEProfileVC.m in Sources */,
				14950D8A1A7923F0001416A7 /* RSADataVerifier.m in Sources */,
				14F998471A7FA60C0052D0B3 /* FEOrderCancelRequest.m in Sources */,
				1418A1B51A68A32F00886FDA /* FEOrderDetail.m in Sources */,
				14FF4A301A6696B300DECA7B /* FEBaseResponse.m in Sources */,
				14FF4A811A67E69100DECA7B /* FERegistVC.m in Sources */,
				14FF4A781A67AC2100DECA7B /* FEPickerView.m in Sources */,
				14F998321A7DDDC30052D0B3 /* FEInfoInputVC.m in Sources */,
				14FF4A5C1A675B2200DECA7B /* FEGetProductTypeReques.m in Sources */,
				14F998531A8069010052D0B3 /* FEModifyProfileRequest.m in Sources */,
				14950D881A7923F0001416A7 /* openssl_wrapper.m in Sources */,
				14FF4A841A67EC7F00DECA7B /* FEForgotPasswordVC.m in Sources */,
				14FF4A291A66962400DECA7B /* SSObject.m in Sources */,
				14F9983B1A7F16800052D0B3 /* GAAlertObj.m in Sources */,
				14950D851A7923F0001416A7 /* DataVerifier.m in Sources */,
				14950D6D1A792092001416A7 /* Order.m in Sources */,
				14FF4A8D1A67F00700DECA7B /* FESigninResponse.m in Sources */,
				14FF4A3B1A66A48C00DECA7B /* FECompany.m in Sources */,
				14F998411A7F5D670052D0B3 /* FEPayOnlineVC.m in Sources */,
				14950D841A7923F0001416A7 /* DataSigner.m in Sources */,
				144350131A663EA2002BB228 /* FETableViewController.m in Sources */,
				144716531A6D5798003359FC /* FEOrderDetailRequest.m in Sources */,
				14950D871A7923F0001416A7 /* NSDataEx.m in Sources */,
				14FF4A2D1A6696A200DECA7B /* FEBaseRequest.m in Sources */,
				1418A1A61A68122800886FDA /* FEVerifyCodeRequest.m in Sources */,
				1443506A1A6652A6002BB228 /* NSDate+Formatter.m in Sources */,
				14F998501A80573A0052D0B3 /* FEModifyProfileVC.m in Sources */,
				14FF4A411A66A6D500DECA7B /* FEGetADRequest.m in Sources */,
				144350751A6652A6002BB228 /* UIImage+Resize.m in Sources */,
				14950D621A78CD3C001416A7 /* FEResetPasswordRequest.m in Sources */,
				144350251A6640D3002BB228 /* FEMeShouldSigninVC.m in Sources */,
				14F9983E1A7F3FC30052D0B3 /* FEPopPickerView.m in Sources */,
				14FF4A7B1A67BE6C00DECA7B /* FEOrderSubmitVC.m in Sources */,
				14F998441A7F68DC0052D0B3 /* FEMyInfoTableVC.m in Sources */,
				1403EEE41A6C9F1A00B6DF64 /* FEModifyInfoVC.m in Sources */,
				14F998351A7E5C2C0052D0B3 /* FECreateOrderResponse.m in Sources */,
				144350161A663EC1002BB228 /* FEViewController.m in Sources */,
				1418A1AF1A68A2DA00886FDA /* FEOrderCreateRequest.m in Sources */,
				14F998561A8069A70052D0B3 /* FECustomer.m in Sources */,
				144716561A6D5A4E003359FC /* FEOrderDetailResponse.m in Sources */,
				144350701A6652A6002BB228 /* NSString+Verify.m in Sources */,
				1418A1A01A680B0300886FDA /* FEOrderListResponse.m in Sources */,
				1418A1AC1A6817C200886FDA /* FERegistResquest.m in Sources */,
				1443506C1A6652A6002BB228 /* NSString+DateFromNow.m in Sources */,
				1443501C1A66404B002BB228 /* FETableView.m in Sources */,
				144350191A663FA0002BB228 /* FENavigationController.m in Sources */,
			);
			runOnlyForDeploymentPostprocessing = 0;
		};
/* End PBXSourcesBuildPhase section */

/* Begin PBXVariantGroup section */
		14469E731A65F9DC00515685 /* Main.storyboard */ = {
			isa = PBXVariantGroup;
			children = (
				14469E741A65F9DC00515685 /* Base */,
			);
			name = Main.storyboard;
			sourceTree = "<group>";
		};
		14469E781A65F9DC00515685 /* LaunchScreen.xib */ = {
			isa = PBXVariantGroup;
			children = (
				14469E791A65F9DC00515685 /* Base */,
			);
			name = LaunchScreen.xib;
			sourceTree = "<group>";
		};
/* End PBXVariantGroup section */

/* Begin XCBuildConfiguration section */
		14469E871A65F9DC00515685 /* Debug */ = {
			isa = XCBuildConfiguration;
			buildSettings = {
				ALWAYS_SEARCH_USER_PATHS = NO;
				CLANG_CXX_LANGUAGE_STANDARD = "gnu++0x";
				CLANG_CXX_LIBRARY = "libc++";
				CLANG_ENABLE_MODULES = YES;
				CLANG_ENABLE_OBJC_ARC = YES;
				CLANG_WARN_BOOL_CONVERSION = YES;
				CLANG_WARN_CONSTANT_CONVERSION = YES;
				CLANG_WARN_DIRECT_OBJC_ISA_USAGE = YES_ERROR;
				CLANG_WARN_EMPTY_BODY = YES;
				CLANG_WARN_ENUM_CONVERSION = YES;
				CLANG_WARN_INT_CONVERSION = YES;
				CLANG_WARN_OBJC_ROOT_CLASS = YES_ERROR;
				CLANG_WARN_UNREACHABLE_CODE = YES;
				CLANG_WARN__DUPLICATE_METHOD_MATCH = YES;
				CODE_SIGN_IDENTITY = "iPhone Developer: Chao Sun (2P4V8NVH4U)";
				"CODE_SIGN_IDENTITY[sdk=iphoneos*]" = "iPhone Developer: Chao Sun (2P4V8NVH4U)";
				COPY_PHASE_STRIP = NO;
				ENABLE_STRICT_OBJC_MSGSEND = YES;
				GCC_C_LANGUAGE_STANDARD = gnu99;
				GCC_DYNAMIC_NO_PIC = NO;
				GCC_OPTIMIZATION_LEVEL = 0;
				GCC_PREPROCESSOR_DEFINITIONS = (
					"DEBUG=1",
					"$(inherited)",
				);
				GCC_SYMBOLS_PRIVATE_EXTERN = NO;
				GCC_WARN_64_TO_32_BIT_CONVERSION = YES;
				GCC_WARN_ABOUT_RETURN_TYPE = YES_ERROR;
				GCC_WARN_UNDECLARED_SELECTOR = YES;
				GCC_WARN_UNINITIALIZED_AUTOS = YES_AGGRESSIVE;
				GCC_WARN_UNUSED_FUNCTION = YES;
				GCC_WARN_UNUSED_VARIABLE = YES;
				IPHONEOS_DEPLOYMENT_TARGET = 7.1;
				MTL_ENABLE_DEBUG_INFO = YES;
				ONLY_ACTIVE_ARCH = YES;
				PROVISIONING_PROFILE = "205cf4ed-57c8-4b71-b363-d4e2e17cd84e";
				SDKROOT = iphoneos;
			};
			name = Debug;
		};
		14469E881A65F9DC00515685 /* Release */ = {
			isa = XCBuildConfiguration;
			buildSettings = {
				ALWAYS_SEARCH_USER_PATHS = NO;
				CLANG_CXX_LANGUAGE_STANDARD = "gnu++0x";
				CLANG_CXX_LIBRARY = "libc++";
				CLANG_ENABLE_MODULES = YES;
				CLANG_ENABLE_OBJC_ARC = YES;
				CLANG_WARN_BOOL_CONVERSION = YES;
				CLANG_WARN_CONSTANT_CONVERSION = YES;
				CLANG_WARN_DIRECT_OBJC_ISA_USAGE = YES_ERROR;
				CLANG_WARN_EMPTY_BODY = YES;
				CLANG_WARN_ENUM_CONVERSION = YES;
				CLANG_WARN_INT_CONVERSION = YES;
				CLANG_WARN_OBJC_ROOT_CLASS = YES_ERROR;
				CLANG_WARN_UNREACHABLE_CODE = YES;
				CLANG_WARN__DUPLICATE_METHOD_MATCH = YES;
				CODE_SIGN_IDENTITY = "iPhone Distribution: Chao Sun (PYXGNPJVW5)";
				"CODE_SIGN_IDENTITY[sdk=iphoneos*]" = "iPhone Distribution: Chao Sun (PYXGNPJVW5)";
				COPY_PHASE_STRIP = YES;
				ENABLE_NS_ASSERTIONS = NO;
				ENABLE_STRICT_OBJC_MSGSEND = YES;
				GCC_C_LANGUAGE_STANDARD = gnu99;
				GCC_WARN_64_TO_32_BIT_CONVERSION = YES;
				GCC_WARN_ABOUT_RETURN_TYPE = YES_ERROR;
				GCC_WARN_UNDECLARED_SELECTOR = YES;
				GCC_WARN_UNINITIALIZED_AUTOS = YES_AGGRESSIVE;
				GCC_WARN_UNUSED_FUNCTION = YES;
				GCC_WARN_UNUSED_VARIABLE = YES;
				IPHONEOS_DEPLOYMENT_TARGET = 7.1;
				MTL_ENABLE_DEBUG_INFO = NO;
				PROVISIONING_PROFILE = "55f774a0-9158-46e3-a406-14a1079e4686";
				SDKROOT = iphoneos;
				VALIDATE_PRODUCT = YES;
			};
			name = Release;
		};
		14469E8A1A65F9DC00515685 /* Debug */ = {
			isa = XCBuildConfiguration;
			baseConfigurationReference = 37D466024D554E110EE6D485 /* Pods.debug.xcconfig */;
			buildSettings = {
				ASSETCATALOG_COMPILER_APPICON_NAME = AppIcon;
				ASSETCATALOG_COMPILER_LAUNCHIMAGE_NAME = LaunchImage;
				CODE_SIGN_IDENTITY = "iPhone Developer: Chao Sun (2P4V8NVH4U)";
				"CODE_SIGN_IDENTITY[sdk=iphoneos*]" = "iPhone Developer: Chao Sun (2P4V8NVH4U)";
				FRAMEWORK_SEARCH_PATHS = (
					"$(inherited)",
					"$(PROJECT_DIR)/Laundry/Alipay",
				);
				GCC_PREFIX_HEADER = "$(SRCROOT)/Laundry/Laundry-Prefix.pch";
				INFOPLIST_FILE = Laundry/Info.plist;
				LD_RUNPATH_SEARCH_PATHS = "$(inherited) @executable_path/Frameworks";
				PRODUCT_NAME = "$(TARGET_NAME)";
				PROVISIONING_PROFILE = "205cf4ed-57c8-4b71-b363-d4e2e17cd84e";
			};
			name = Debug;
		};
		14469E8B1A65F9DC00515685 /* Release */ = {
			isa = XCBuildConfiguration;
			baseConfigurationReference = 8D324F9EA567674ADBDC5E80 /* Pods.release.xcconfig */;
			buildSettings = {
				ASSETCATALOG_COMPILER_APPICON_NAME = AppIcon;
				ASSETCATALOG_COMPILER_LAUNCHIMAGE_NAME = LaunchImage;
				CODE_SIGN_IDENTITY = "iPhone Distribution: Chao Sun (PYXGNPJVW5)";
				"CODE_SIGN_IDENTITY[sdk=iphoneos*]" = "iPhone Distribution: Chao Sun (PYXGNPJVW5)";
				FRAMEWORK_SEARCH_PATHS = (
					"$(inherited)",
					"$(PROJECT_DIR)/Laundry/Alipay",
				);
				GCC_PREFIX_HEADER = "$(SRCROOT)/Laundry/Laundry-Prefix.pch";
				INFOPLIST_FILE = Laundry/Info.plist;
				LD_RUNPATH_SEARCH_PATHS = "$(inherited) @executable_path/Frameworks";
				PRODUCT_NAME = "$(TARGET_NAME)";
				PROVISIONING_PROFILE = "55f774a0-9158-46e3-a406-14a1079e4686";
			};
			name = Release;
		};
/* End XCBuildConfiguration section */

/* Begin XCConfigurationList section */
		14469E5E1A65F9DC00515685 /* Build configuration list for PBXProject "Laundry" */ = {
			isa = XCConfigurationList;
			buildConfigurations = (
				14469E871A65F9DC00515685 /* Debug */,
				14469E881A65F9DC00515685 /* Release */,
			);
			defaultConfigurationIsVisible = 0;
			defaultConfigurationName = Release;
		};
		14469E891A65F9DC00515685 /* Build configuration list for PBXNativeTarget "Laundry" */ = {
			isa = XCConfigurationList;
			buildConfigurations = (
				14469E8A1A65F9DC00515685 /* Debug */,
				14469E8B1A65F9DC00515685 /* Release */,
			);
			defaultConfigurationIsVisible = 0;
			defaultConfigurationName = Release;
		};
/* End XCConfigurationList section */

/* Begin XCVersionGroup section */
		14469E981A65FAA900515685 /* Laundry.xcdatamodeld */ = {
			isa = XCVersionGroup;
			children = (
				14469E991A65FAA900515685 /* Laundry.xcdatamodel */,
			);
			currentVersion = 14469E991A65FAA900515685 /* Laundry.xcdatamodel */;
			path = Laundry.xcdatamodeld;
			sourceTree = "<group>";
			versionGroupType = wrapper.xcdatamodel;
		};
/* End XCVersionGroup section */
	};
	rootObject = 14469E5B1A65F9DC00515685 /* Project object */;
}
